// !$*UTF8*$!
{
	archiveVersion = 1;
	classes = {
	};
	objectVersion = 46;
	objects = {

/* Begin PBXBuildFile section */
		4DEBF6421C3906E200FFAE10 /* main.m in Sources */ = {isa = PBXBuildFile; fileRef = 4DEBF6411C3906E200FFAE10 /* main.m */; };
		4DEBF6451C3906E200FFAE10 /* AppDelegate.m in Sources */ = {isa = PBXBuildFile; fileRef = 4DEBF6441C3906E200FFAE10 /* AppDelegate.m */; };
		4DEBF64B1C3906E200FFAE10 /* Main.storyboard in Resources */ = {isa = PBXBuildFile; fileRef = 4DEBF6491C3906E200FFAE10 /* Main.storyboard */; };
		4DEBF64D1C3906E200FFAE10 /* Assets.xcassets in Resources */ = {isa = PBXBuildFile; fileRef = 4DEBF64C1C3906E200FFAE10 /* Assets.xcassets */; };
		4DEBF6501C3906E200FFAE10 /* LaunchScreen.storyboard in Resources */ = {isa = PBXBuildFile; fileRef = 4DEBF64E1C3906E200FFAE10 /* LaunchScreen.storyboard */; };
		4DEBF65B1C3906E200FFAE10 /* Use_DatasourceTests.m in Sources */ = {isa = PBXBuildFile; fileRef = 4DEBF65A1C3906E200FFAE10 /* Use_DatasourceTests.m */; };
		4DEBF6661C3906E200FFAE10 /* Use_DatasourceUITests.m in Sources */ = {isa = PBXBuildFile; fileRef = 4DEBF6651C3906E200FFAE10 /* Use_DatasourceUITests.m */; };
		4DEBF6831C39070700FFAE10 /* WMMenuItem.m in Sources */ = {isa = PBXBuildFile; fileRef = 4DEBF6781C39070700FFAE10 /* WMMenuItem.m */; };
		4DEBF6841C39070700FFAE10 /* WMMenuView.m in Sources */ = {isa = PBXBuildFile; fileRef = 4DEBF67A1C39070700FFAE10 /* WMMenuView.m */; };
		4DEBF6851C39070700FFAE10 /* WMProgressView.m in Sources */ = {isa = PBXBuildFile; fileRef = 4DEBF67C1C39070700FFAE10 /* WMProgressView.m */; };
		4DEBF6861C39070700FFAE10 /* WMScrollView.m in Sources */ = {isa = PBXBuildFile; fileRef = 4DEBF67E1C39070700FFAE10 /* WMScrollView.m */; };
		4DEBF6871C39070700FFAE10 /* WMPageController.m in Sources */ = {isa = PBXBuildFile; fileRef = 4DEBF6811C39070700FFAE10 /* WMPageController.m */; };
		4DEBF68B1C39076100FFAE10 /* WMCustomPageController.m in Sources */ = {isa = PBXBuildFile; fileRef = 4DEBF68A1C39076100FFAE10 /* WMCustomPageController.m */; };
		4DEBF6941C390A9C00FFAE10 /* WMViewController.m in Sources */ = {isa = PBXBuildFile; fileRef = 4DEBF6931C390A9C00FFAE10 /* WMViewController.m */; };
		4DEBF6971C390AAD00FFAE10 /* WMTableViewController.m in Sources */ = {isa = PBXBuildFile; fileRef = 4DEBF6961C390AAD00FFAE10 /* WMTableViewController.m */; };
		4DEBF69D1C390C0900FFAE10 /* WMBlankViewController.m in Sources */ = {isa = PBXBuildFile; fileRef = 4DEBF69C1C390C0900FFAE10 /* WMBlankViewController.m */; };
		4DF161611C81DBC6003553A6 /* WMSecondViewController.m in Sources */ = {isa = PBXBuildFile; fileRef = 4DF161601C81DBC6003553A6 /* WMSecondViewController.m */; };
/* End PBXBuildFile section */

/* Begin PBXContainerItemProxy section */
		4DEBF6571C3906E200FFAE10 /* PBXContainerItemProxy */ = {
			isa = PBXContainerItemProxy;
			containerPortal = 4DEBF6351C3906E200FFAE10 /* Project object */;
			proxyType = 1;
			remoteGlobalIDString = 4DEBF63C1C3906E200FFAE10;
			remoteInfo = "Use Datasource";
		};
		4DEBF6621C3906E200FFAE10 /* PBXContainerItemProxy */ = {
			isa = PBXContainerItemProxy;
			containerPortal = 4DEBF6351C3906E200FFAE10 /* Project object */;
			proxyType = 1;
			remoteGlobalIDString = 4DEBF63C1C3906E200FFAE10;
			remoteInfo = "Use Datasource";
		};
/* End PBXContainerItemProxy section */

/* Begin PBXFileReference section */
		4DEBF63D1C3906E200FFAE10 /* Use Datasource.app */ = {isa = PBXFileReference; explicitFileType = wrapper.application; includeInIndex = 0; path = "Use Datasource.app"; sourceTree = BUILT_PRODUCTS_DIR; };
		4DEBF6411C3906E200FFAE10 /* main.m */ = {isa = PBXFileReference; lastKnownFileType = sourcecode.c.objc; path = main.m; sourceTree = "<group>"; };
		4DEBF6431C3906E200FFAE10 /* AppDelegate.h */ = {isa = PBXFileReference; lastKnownFileType = sourcecode.c.h; path = AppDelegate.h; sourceTree = "<group>"; };
		4DEBF6441C3906E200FFAE10 /* AppDelegate.m */ = {isa = PBXFileReference; lastKnownFileType = sourcecode.c.objc; path = AppDelegate.m; sourceTree = "<group>"; };
		4DEBF64A1C3906E200FFAE10 /* Base */ = {isa = PBXFileReference; lastKnownFileType = file.storyboard; name = Base; path = Base.lproj/Main.storyboard; sourceTree = "<group>"; };
		4DEBF64C1C3906E200FFAE10 /* Assets.xcassets */ = {isa = PBXFileReference; lastKnownFileType = folder.assetcatalog; path = Assets.xcassets; sourceTree = "<group>"; };
		4DEBF64F1C3906E200FFAE10 /* Base */ = {isa = PBXFileReference; lastKnownFileType = file.storyboard; name = Base; path = Base.lproj/LaunchScreen.storyboard; sourceTree = "<group>"; };
		4DEBF6511C3906E200FFAE10 /* Info.plist */ = {isa = PBXFileReference; lastKnownFileType = text.plist.xml; path = Info.plist; sourceTree = "<group>"; };
		4DEBF6561C3906E200FFAE10 /* Use DatasourceTests.xctest */ = {isa = PBXFileReference; explicitFileType = wrapper.cfbundle; includeInIndex = 0; path = "Use DatasourceTests.xctest"; sourceTree = BUILT_PRODUCTS_DIR; };
		4DEBF65A1C3906E200FFAE10 /* Use_DatasourceTests.m */ = {isa = PBXFileReference; lastKnownFileType = sourcecode.c.objc; path = Use_DatasourceTests.m; sourceTree = "<group>"; };
		4DEBF65C1C3906E200FFAE10 /* Info.plist */ = {isa = PBXFileReference; lastKnownFileType = text.plist.xml; path = Info.plist; sourceTree = "<group>"; };
		4DEBF6611C3906E200FFAE10 /* Use DatasourceUITests.xctest */ = {isa = PBXFileReference; explicitFileType = wrapper.cfbundle; includeInIndex = 0; path = "Use DatasourceUITests.xctest"; sourceTree = BUILT_PRODUCTS_DIR; };
		4DEBF6651C3906E200FFAE10 /* Use_DatasourceUITests.m */ = {isa = PBXFileReference; lastKnownFileType = sourcecode.c.objc; path = Use_DatasourceUITests.m; sourceTree = "<group>"; };
		4DEBF6671C3906E200FFAE10 /* Info.plist */ = {isa = PBXFileReference; lastKnownFileType = text.plist.xml; path = Info.plist; sourceTree = "<group>"; };
		4DEBF6771C39070700FFAE10 /* WMMenuItem.h */ = {isa = PBXFileReference; fileEncoding = 4; lastKnownFileType = sourcecode.c.h; path = WMMenuItem.h; sourceTree = "<group>"; };
		4DEBF6781C39070700FFAE10 /* WMMenuItem.m */ = {isa = PBXFileReference; fileEncoding = 4; lastKnownFileType = sourcecode.c.objc; path = WMMenuItem.m; sourceTree = "<group>"; };
		4DEBF6791C39070700FFAE10 /* WMMenuView.h */ = {isa = PBXFileReference; fileEncoding = 4; lastKnownFileType = sourcecode.c.h; path = WMMenuView.h; sourceTree = "<group>"; };
		4DEBF67A1C39070700FFAE10 /* WMMenuView.m */ = {isa = PBXFileReference; fileEncoding = 4; lastKnownFileType = sourcecode.c.objc; path = WMMenuView.m; sourceTree = "<group>"; };
		4DEBF67B1C39070700FFAE10 /* WMProgressView.h */ = {isa = PBXFileReference; fileEncoding = 4; lastKnownFileType = sourcecode.c.h; path = WMProgressView.h; sourceTree = "<group>"; };
		4DEBF67C1C39070700FFAE10 /* WMProgressView.m */ = {isa = PBXFileReference; fileEncoding = 4; lastKnownFileType = sourcecode.c.objc; path = WMProgressView.m; sourceTree = "<group>"; };
		4DEBF67D1C39070700FFAE10 /* WMScrollView.h */ = {isa = PBXFileReference; fileEncoding = 4; lastKnownFileType = sourcecode.c.h; path = WMScrollView.h; sourceTree = "<group>"; };
		4DEBF67E1C39070700FFAE10 /* WMScrollView.m */ = {isa = PBXFileReference; fileEncoding = 4; lastKnownFileType = sourcecode.c.objc; path = WMScrollView.m; sourceTree = "<group>"; };
		4DEBF6801C39070700FFAE10 /* WMPageController.h */ = {isa = PBXFileReference; fileEncoding = 4; lastKnownFileType = sourcecode.c.h; path = WMPageController.h; sourceTree = "<group>"; };
		4DEBF6811C39070700FFAE10 /* WMPageController.m */ = {isa = PBXFileReference; fileEncoding = 4; lastKnownFileType = sourcecode.c.objc; path = WMPageController.m; sourceTree = "<group>"; };
		4DEBF6891C39076100FFAE10 /* WMCustomPageController.h */ = {isa = PBXFileReference; fileEncoding = 4; lastKnownFileType = sourcecode.c.h; path = WMCustomPageController.h; sourceTree = "<group>"; };
		4DEBF68A1C39076100FFAE10 /* WMCustomPageController.m */ = {isa = PBXFileReference; fileEncoding = 4; lastKnownFileType = sourcecode.c.objc; path = WMCustomPageController.m; sourceTree = "<group>"; };
		4DEBF6921C390A9C00FFAE10 /* WMViewController.h */ = {isa = PBXFileReference; fileEncoding = 4; lastKnownFileType = sourcecode.c.h; name = WMViewController.h; path = ChildControllers/WMViewController.h; sourceTree = "<group>"; };
		4DEBF6931C390A9C00FFAE10 /* WMViewController.m */ = {isa = PBXFileReference; fileEncoding = 4; lastKnownFileType = sourcecode.c.objc; name = WMViewController.m; path = ChildControllers/WMViewController.m; sourceTree = "<group>"; };
		4DEBF6951C390AAD00FFAE10 /* WMTableViewController.h */ = {isa = PBXFileReference; fileEncoding = 4; lastKnownFileType = sourcecode.c.h; name = WMTableViewController.h; path = ChildControllers/WMTableViewController.h; sourceTree = "<group>"; };
		4DEBF6961C390AAD00FFAE10 /* WMTableViewController.m */ = {isa = PBXFileReference; fileEncoding = 4; lastKnownFileType = sourcecode.c.objc; name = WMTableViewController.m; path = ChildControllers/WMTableViewController.m; sourceTree = "<group>"; };
		4DEBF69B1C390C0900FFAE10 /* WMBlankViewController.h */ = {isa = PBXFileReference; fileEncoding = 4; lastKnownFileType = sourcecode.c.h; path = WMBlankViewController.h; sourceTree = "<group>"; };
		4DEBF69C1C390C0900FFAE10 /* WMBlankViewController.m */ = {isa = PBXFileReference; fileEncoding = 4; lastKnownFileType = sourcecode.c.objc; path = WMBlankViewController.m; sourceTree = "<group>"; };
		4DF1615F1C81DBC6003553A6 /* WMSecondViewController.h */ = {isa = PBXFileReference; fileEncoding = 4; lastKnownFileType = sourcecode.c.h; path = WMSecondViewController.h; sourceTree = "<group>"; };
		4DF161601C81DBC6003553A6 /* WMSecondViewController.m */ = {isa = PBXFileReference; fileEncoding = 4; lastKnownFileType = sourcecode.c.objc; path = WMSecondViewController.m; sourceTree = "<group>"; };
/* End PBXFileReference section */

/* Begin PBXFrameworksBuildPhase section */
		4DEBF63A1C3906E200FFAE10 /* Frameworks */ = {
			isa = PBXFrameworksBuildPhase;
			buildActionMask = 2147483647;
			files = (
			);
			runOnlyForDeploymentPostprocessing = 0;
		};
		4DEBF6531C3906E200FFAE10 /* Frameworks */ = {
			isa = PBXFrameworksBuildPhase;
			buildActionMask = 2147483647;
			files = (
			);
			runOnlyForDeploymentPostprocessing = 0;
		};
		4DEBF65E1C3906E200FFAE10 /* Frameworks */ = {
			isa = PBXFrameworksBuildPhase;
			buildActionMask = 2147483647;
			files = (
			);
			runOnlyForDeploymentPostprocessing = 0;
		};
/* End PBXFrameworksBuildPhase section */

/* Begin PBXGroup section */
		4DEBF6341C3906E200FFAE10 = {
			isa = PBXGroup;
			children = (
				4DEBF63F1C3906E200FFAE10 /* Use Datasource */,
				4DEBF6591C3906E200FFAE10 /* Use DatasourceTests */,
				4DEBF6641C3906E200FFAE10 /* Use DatasourceUITests */,
				4DEBF63E1C3906E200FFAE10 /* Products */,
			);
			sourceTree = "<group>";
		};
		4DEBF63E1C3906E200FFAE10 /* Products */ = {
			isa = PBXGroup;
			children = (
				4DEBF63D1C3906E200FFAE10 /* Use Datasource.app */,
				4DEBF6561C3906E200FFAE10 /* Use DatasourceTests.xctest */,
				4DEBF6611C3906E200FFAE10 /* Use DatasourceUITests.xctest */,
			);
			name = Products;
			sourceTree = "<group>";
		};
		4DEBF63F1C3906E200FFAE10 /* Use Datasource */ = {
			isa = PBXGroup;
			children = (
				4DEBF6881C39071C00FFAE10 /* Controllers */,
				4DEBF6731C39070700FFAE10 /* WMPageController */,
				4DEBF6431C3906E200FFAE10 /* AppDelegate.h */,
				4DEBF6441C3906E200FFAE10 /* AppDelegate.m */,
				4DEBF6491C3906E200FFAE10 /* Main.storyboard */,
				4DEBF64C1C3906E200FFAE10 /* Assets.xcassets */,
				4DEBF64E1C3906E200FFAE10 /* LaunchScreen.storyboard */,
				4DEBF6511C3906E200FFAE10 /* Info.plist */,
				4DEBF6401C3906E200FFAE10 /* Supporting Files */,
			);
			path = "Use Datasource";
			sourceTree = "<group>";
		};
		4DEBF6401C3906E200FFAE10 /* Supporting Files */ = {
			isa = PBXGroup;
			children = (
				4DEBF6411C3906E200FFAE10 /* main.m */,
			);
			name = "Supporting Files";
			sourceTree = "<group>";
		};
		4DEBF6591C3906E200FFAE10 /* Use DatasourceTests */ = {
			isa = PBXGroup;
			children = (
				4DEBF65A1C3906E200FFAE10 /* Use_DatasourceTests.m */,
				4DEBF65C1C3906E200FFAE10 /* Info.plist */,
			);
			path = "Use DatasourceTests";
			sourceTree = "<group>";
		};
		4DEBF6641C3906E200FFAE10 /* Use DatasourceUITests */ = {
			isa = PBXGroup;
			children = (
				4DEBF6651C3906E200FFAE10 /* Use_DatasourceUITests.m */,
				4DEBF6671C3906E200FFAE10 /* Info.plist */,
			);
			path = "Use DatasourceUITests";
			sourceTree = "<group>";
		};
		4DEBF6731C39070700FFAE10 /* WMPageController */ = {
			isa = PBXGroup;
			children = (
				4DEBF6741C39070700FFAE10 /* WMMenuView */,
				4DEBF6801C39070700FFAE10 /* WMPageController.h */,
				4DEBF6811C39070700FFAE10 /* WMPageController.m */,
			);
			name = WMPageController;
			path = ../../../WMPageController;
			sourceTree = "<group>";
		};
		4DEBF6741C39070700FFAE10 /* WMMenuView */ = {
			isa = PBXGroup;
			children = (
				4DEBF6771C39070700FFAE10 /* WMMenuItem.h */,
				4DEBF6781C39070700FFAE10 /* WMMenuItem.m */,
				4DEBF6791C39070700FFAE10 /* WMMenuView.h */,
				4DEBF67A1C39070700FFAE10 /* WMMenuView.m */,
				4DEBF67B1C39070700FFAE10 /* WMProgressView.h */,
				4DEBF67C1C39070700FFAE10 /* WMProgressView.m */,
				4DEBF67D1C39070700FFAE10 /* WMScrollView.h */,
				4DEBF67E1C39070700FFAE10 /* WMScrollView.m */,
			);
			path = WMMenuView;
			sourceTree = "<group>";
		};
		4DEBF6881C39071C00FFAE10 /* Controllers */ = {
			isa = PBXGroup;
			children = (
				4DEBF6911C390A8000FFAE10 /* ChildControllers */,
				4DEBF6901C39090200FFAE10 /* ParentController */,
			);
			name = Controllers;
			sourceTree = "<group>";
		};
		4DEBF6901C39090200FFAE10 /* ParentController */ = {
			isa = PBXGroup;
			children = (
				4DEBF6891C39076100FFAE10 /* WMCustomPageController.h */,
				4DEBF68A1C39076100FFAE10 /* WMCustomPageController.m */,
			);
			name = ParentController;
			sourceTree = "<group>";
		};
		4DEBF6911C390A8000FFAE10 /* ChildControllers */ = {
			isa = PBXGroup;
			children = (
				4DF1615F1C81DBC6003553A6 /* WMSecondViewController.h */,
				4DF161601C81DBC6003553A6 /* WMSecondViewController.m */,
				4DEBF6921C390A9C00FFAE10 /* WMViewController.h */,
				4DEBF6931C390A9C00FFAE10 /* WMViewController.m */,
				4DEBF6951C390AAD00FFAE10 /* WMTableViewController.h */,
				4DEBF6961C390AAD00FFAE10 /* WMTableViewController.m */,
				4DEBF69B1C390C0900FFAE10 /* WMBlankViewController.h */,
				4DEBF69C1C390C0900FFAE10 /* WMBlankViewController.m */,
			);
			name = ChildControllers;
			sourceTree = "<group>";
		};
/* End PBXGroup section */

/* Begin PBXNativeTarget section */
		4DEBF63C1C3906E200FFAE10 /* Use Datasource */ = {
			isa = PBXNativeTarget;
			buildConfigurationList = 4DEBF66A1C3906E200FFAE10 /* Build configuration list for PBXNativeTarget "Use Datasource" */;
			buildPhases = (
				4DEBF6391C3906E200FFAE10 /* Sources */,
				4DEBF63A1C3906E200FFAE10 /* Frameworks */,
				4DEBF63B1C3906E200FFAE10 /* Resources */,
			);
			buildRules = (
			);
			dependencies = (
			);
			name = "Use Datasource";
			productName = "Use Datasource";
			productReference = 4DEBF63D1C3906E200FFAE10 /* Use Datasource.app */;
			productType = "com.apple.product-type.application";
		};
		4DEBF6551C3906E200FFAE10 /* Use DatasourceTests */ = {
			isa = PBXNativeTarget;
			buildConfigurationList = 4DEBF66D1C3906E200FFAE10 /* Build configuration list for PBXNativeTarget "Use DatasourceTests" */;
			buildPhases = (
				4DEBF6521C3906E200FFAE10 /* Sources */,
				4DEBF6531C3906E200FFAE10 /* Frameworks */,
				4DEBF6541C3906E200FFAE10 /* Resources */,
			);
			buildRules = (
			);
			dependencies = (
				4DEBF6581C3906E200FFAE10 /* PBXTargetDependency */,
			);
			name = "Use DatasourceTests";
			productName = "Use DatasourceTests";
			productReference = 4DEBF6561C3906E200FFAE10 /* Use DatasourceTests.xctest */;
			productType = "com.apple.product-type.bundle.unit-test";
		};
		4DEBF6601C3906E200FFAE10 /* Use DatasourceUITests */ = {
			isa = PBXNativeTarget;
			buildConfigurationList = 4DEBF6701C3906E200FFAE10 /* Build configuration list for PBXNativeTarget "Use DatasourceUITests" */;
			buildPhases = (
				4DEBF65D1C3906E200FFAE10 /* Sources */,
				4DEBF65E1C3906E200FFAE10 /* Frameworks */,
				4DEBF65F1C3906E200FFAE10 /* Resources */,
			);
			buildRules = (
			);
			dependencies = (
				4DEBF6631C3906E200FFAE10 /* PBXTargetDependency */,
			);
			name = "Use DatasourceUITests";
			productName = "Use DatasourceUITests";
			productReference = 4DEBF6611C3906E200FFAE10 /* Use DatasourceUITests.xctest */;
			productType = "com.apple.product-type.bundle.ui-testing";
		};
/* End PBXNativeTarget section */

/* Begin PBXProject section */
		4DEBF6351C3906E200FFAE10 /* Project object */ = {
			isa = PBXProject;
			attributes = {
				LastUpgradeCheck = 0720;
				ORGANIZATIONNAME = "Wecan Studio";
				TargetAttributes = {
					4DEBF63C1C3906E200FFAE10 = {
						CreatedOnToolsVersion = 7.2;
					};
					4DEBF6551C3906E200FFAE10 = {
						CreatedOnToolsVersion = 7.2;
						TestTargetID = 4DEBF63C1C3906E200FFAE10;
					};
					4DEBF6601C3906E200FFAE10 = {
						CreatedOnToolsVersion = 7.2;
						TestTargetID = 4DEBF63C1C3906E200FFAE10;
					};
				};
			};
			buildConfigurationList = 4DEBF6381C3906E200FFAE10 /* Build configuration list for PBXProject "Use Datasource" */;
			compatibilityVersion = "Xcode 3.2";
			developmentRegion = English;
			hasScannedForEncodings = 0;
			knownRegions = (
				en,
				Base,
			);
			mainGroup = 4DEBF6341C3906E200FFAE10;
			productRefGroup = 4DEBF63E1C3906E200FFAE10 /* Products */;
			projectDirPath = "";
			projectRoot = "";
			targets = (
				4DEBF63C1C3906E200FFAE10 /* Use Datasource */,
				4DEBF6551C3906E200FFAE10 /* Use DatasourceTests */,
				4DEBF6601C3906E200FFAE10 /* Use DatasourceUITests */,
			);
		};
/* End PBXProject section */

/* Begin PBXResourcesBuildPhase section */
		4DEBF63B1C3906E200FFAE10 /* Resources */ = {
			isa = PBXResourcesBuildPhase;
			buildActionMask = 2147483647;
			files = (
				4DEBF6501C3906E200FFAE10 /* LaunchScreen.storyboard in Resources */,
				4DEBF64D1C3906E200FFAE10 /* Assets.xcassets in Resources */,
				4DEBF64B1C3906E200FFAE10 /* Main.storyboard in Resources */,
			);
			runOnlyForDeploymentPostprocessing = 0;
		};
		4DEBF6541C3906E200FFAE10 /* Resources */ = {
			isa = PBXResourcesBuildPhase;
			buildActionMask = 2147483647;
			files = (
			);
			runOnlyForDeploymentPostprocessing = 0;
		};
		4DEBF65F1C3906E200FFAE10 /* Resources */ = {
			isa = PBXResourcesBuildPhase;
			buildActionMask = 2147483647;
			files = (
			);
			runOnlyForDeploymentPostprocessing = 0;
		};
/* End PBXResourcesBuildPhase section */

/* Begin PBXSourcesBuildPhase section */
		4DEBF6391C3906E200FFAE10 /* Sources */ = {
			isa = PBXSourcesBuildPhase;
			buildActionMask = 2147483647;
			files = (
				4DEBF6941C390A9C00FFAE10 /* WMViewController.m in Sources */,
				4DEBF69D1C390C0900FFAE10 /* WMBlankViewController.m in Sources */,
				4DEBF6871C39070700FFAE10 /* WMPageController.m in Sources */,
				4DEBF6841C39070700FFAE10 /* WMMenuView.m in Sources */,
				4DEBF68B1C39076100FFAE10 /* WMCustomPageController.m in Sources */,
				4DEBF6831C39070700FFAE10 /* WMMenuItem.m in Sources */,
				4DEBF6451C3906E200FFAE10 /* AppDelegate.m in Sources */,
				4DEBF6421C3906E200FFAE10 /* main.m in Sources */,
				4DEBF6971C390AAD00FFAE10 /* WMTableViewController.m in Sources */,
				4DEBF6851C39070700FFAE10 /* WMProgressView.m in Sources */,
				4DF161611C81DBC6003553A6 /* WMSecondViewController.m in Sources */,
				4DEBF6861C39070700FFAE10 /* WMScrollView.m in Sources */,
			);
			runOnlyForDeploymentPostprocessing = 0;
		};
		4DEBF6521C3906E200FFAE10 /* Sources */ = {
			isa = PBXSourcesBuildPhase;
			buildActionMask = 2147483647;
			files = (
				4DEBF65B1C3906E200FFAE10 /* Use_DatasourceTests.m in Sources */,
			);
			runOnlyForDeploymentPostprocessing = 0;
		};
		4DEBF65D1C3906E200FFAE10 /* Sources */ = {
			isa = PBXSourcesBuildPhase;
			buildActionMask = 2147483647;
			files = (
				4DEBF6661C3906E200FFAE10 /* Use_DatasourceUITests.m in Sources */,
			);
			runOnlyForDeploymentPostprocessing = 0;
		};
/* End PBXSourcesBuildPhase section */

/* Begin PBXTargetDependency section */
		4DEBF6581C3906E200FFAE10 /* PBXTargetDependency */ = {
			isa = PBXTargetDependency;
			target = 4DEBF63C1C3906E200FFAE10 /* Use Datasource */;
			targetProxy = 4DEBF6571C3906E200FFAE10 /* PBXContainerItemProxy */;
		};
		4DEBF6631C3906E200FFAE10 /* PBXTargetDependency */ = {
			isa = PBXTargetDependency;
			target = 4DEBF63C1C3906E200FFAE10 /* Use Datasource */;
			targetProxy = 4DEBF6621C3906E200FFAE10 /* PBXContainerItemProxy */;
		};
/* End PBXTargetDependency section */

/* Begin PBXVariantGroup section */
		4DEBF6491C3906E200FFAE10 /* Main.storyboard */ = {
			isa = PBXVariantGroup;
			children = (
				4DEBF64A1C3906E200FFAE10 /* Base */,
			);
			name = Main.storyboard;
			sourceTree = "<group>";
		};
		4DEBF64E1C3906E200FFAE10 /* LaunchScreen.storyboard */ = {
			isa = PBXVariantGroup;
			children = (
				4DEBF64F1C3906E200FFAE10 /* Base */,
			);
			name = LaunchScreen.storyboard;
			sourceTree = "<group>";
		};
/* End PBXVariantGroup section */

/* Begin XCBuildConfiguration section */
		4DEBF6681C3906E200FFAE10 /* Debug */ = {
			isa = XCBuildConfiguration;
			buildSettings = {
				ALWAYS_SEARCH_USER_PATHS = NO;
				CLANG_CXX_LANGUAGE_STANDARD = "gnu++0x";
				CLANG_CXX_LIBRARY = "libc++";
				CLANG_ENABLE_MODULES = YES;
				CLANG_ENABLE_OBJC_ARC = YES;
				CLANG_WARN_BOOL_CONVERSION = YES;
				CLANG_WARN_CONSTANT_CONVERSION = YES;
				CLANG_WARN_DIRECT_OBJC_ISA_USAGE = YES_ERROR;
				CLANG_WARN_EMPTY_BODY = YES;
				CLANG_WARN_ENUM_CONVERSION = YES;
				CLANG_WARN_INT_CONVERSION = YES;
				CLANG_WARN_OBJC_ROOT_CLASS = YES_ERROR;
				CLANG_WARN_UNREACHABLE_CODE = YES;
				CLANG_WARN__DUPLICATE_METHOD_MATCH = YES;
				"CODE_SIGN_IDENTITY[sdk=iphoneos*]" = "iPhone Developer";
				COPY_PHASE_STRIP = NO;
				DEBUG_INFORMATION_FORMAT = dwarf;
				ENABLE_STRICT_OBJC_MSGSEND = YES;
				ENABLE_TESTABILITY = YES;
				GCC_C_LANGUAGE_STANDARD = gnu99;
				GCC_DYNAMIC_NO_PIC = NO;
				GCC_NO_COMMON_BLOCKS = YES;
				GCC_OPTIMIZATION_LEVEL = 0;
				GCC_PREPROCESSOR_DEFINITIONS = (
					"DEBUG=1",
					"$(inherited)",
				);
				GCC_WARN_64_TO_32_BIT_CONVERSION = YES;
				GCC_WARN_ABOUT_RETURN_TYPE = YES_ERROR;
				GCC_WARN_UNDECLARED_SELECTOR = YES;
				GCC_WARN_UNINITIALIZED_AUTOS = YES_AGGRESSIVE;
				GCC_WARN_UNUSED_FUNCTION = YES;
				GCC_WARN_UNUSED_VARIABLE = YES;
				IPHONEOS_DEPLOYMENT_TARGET = 9.2;
				MTL_ENABLE_DEBUG_INFO = YES;
				ONLY_ACTIVE_ARCH = YES;
				SDKROOT = iphoneos;
			};
			name = Debug;
		};
		4DEBF6691C3906E200FFAE10 /* Release */ = {
			isa = XCBuildConfiguration;
			buildSettings = {
				ALWAYS_SEARCH_USER_PATHS = NO;
				CLANG_CXX_LANGUAGE_STANDARD = "gnu++0x";
				CLANG_CXX_LIBRARY = "libc++";
				CLANG_ENABLE_MODULES = YES;
				CLANG_ENABLE_OBJC_ARC = YES;
				CLANG_WARN_BOOL_CONVERSION = YES;
				CLANG_WARN_CONSTANT_CONVERSION = YES;
				CLANG_WARN_DIRECT_OBJC_ISA_USAGE = YES_ERROR;
				CLANG_WARN_EMPTY_BODY = YES;
				CLANG_WARN_ENUM_CONVERSION = YES;
				CLANG_WARN_INT_CONVERSION = YES;
				CLANG_WARN_OBJC_ROOT_CLASS = YES_ERROR;
				CLANG_WARN_UNREACHABLE_CODE = YES;
				CLANG_WARN__DUPLICATE_METHOD_MATCH = YES;
				"CODE_SIGN_IDENTITY[sdk=iphoneos*]" = "iPhone Developer";
				COPY_PHASE_STRIP = NO;
				DEBUG_INFORMATION_FORMAT = "dwarf-with-dsym";
				ENABLE_NS_ASSERTIONS = NO;
				ENABLE_STRICT_OBJC_MSGSEND = YES;
				GCC_C_LANGUAGE_STANDARD = gnu99;
				GCC_NO_COMMON_BLOCKS = YES;
				GCC_WARN_64_TO_32_BIT_CONVERSION = YES;
				GCC_WARN_ABOUT_RETURN_TYPE = YES_ERROR;
				GCC_WARN_UNDECLARED_SELECTOR = YES;
				GCC_WARN_UNINITIALIZED_AUTOS = YES_AGGRESSIVE;
				GCC_WARN_UNUSED_FUNCTION = YES;
				GCC_WARN_UNUSED_VARIABLE = YES;
				IPHONEOS_DEPLOYMENT_TARGET = 9.2;
				MTL_ENABLE_DEBUG_INFO = NO;
				SDKROOT = iphoneos;
				VALIDATE_PRODUCT = YES;
			};
			name = Release;
		};
		4DEBF66B1C3906E200FFAE10 /* Debug */ = {
			isa = XCBuildConfiguration;
			buildSettings = {
				ASSETCATALOG_COMPILER_APPICON_NAME = AppIcon;
				INFOPLIST_FILE = "Use Datasource/Info.plist";
				IPHONEOS_DEPLOYMENT_TARGET = 9.0;
				LD_RUNPATH_SEARCH_PATHS = "$(inherited) @executable_path/Frameworks";
				PRODUCT_BUNDLE_IDENTIFIER = "com.wecan.Use-Datasource";
				PRODUCT_NAME = "$(TARGET_NAME)";
			};
			name = Debug;
		};
		4DEBF66C1C3906E200FFAE10 /* Release */ = {
			isa = XCBuildConfiguration;
			buildSettings = {
				ASSETCATALOG_COMPILER_APPICON_NAME = AppIcon;
				INFOPLIST_FILE = "Use Datasource/Info.plist";
				IPHONEOS_DEPLOYMENT_TARGET = 9.0;
				LD_RUNPATH_SEARCH_PATHS = "$(inherited) @executable_path/Frameworks";
				PRODUCT_BUNDLE_IDENTIFIER = "com.wecan.Use-Datasource";
				PRODUCT_NAME = "$(TARGET_NAME)";
			};
			name = Release;
		};
		4DEBF66E1C3906E200FFAE10 /* Debug */ = {
			isa = XCBuildConfiguration;
			buildSettings = {
				BUNDLE_LOADER = "$(TEST_HOST)";
				INFOPLIST_FILE = "Use DatasourceTests/Info.plist";
				LD_RUNPATH_SEARCH_PATHS = "$(inherited) @executable_path/Frameworks @loader_path/Frameworks";
				PRODUCT_BUNDLE_IDENTIFIER = "com.wecan.Use-DatasourceTests";
				PRODUCT_NAME = "$(TARGET_NAME)";
				TEST_HOST = "$(BUILT_PRODUCTS_DIR)/Use Datasource.app/Use Datasource";
			};
			name = Debug;
		};
		4DEBF66F1C3906E200FFAE10 /* Release */ = {
			isa = XCBuildConfiguration;
			buildSettings = {
				BUNDLE_LOADER = "$(TEST_HOST)";
				INFOPLIST_FILE = "Use DatasourceTests/Info.plist";
				LD_RUNPATH_SEARCH_PATHS = "$(inherited) @executable_path/Frameworks @loader_path/Frameworks";
				PRODUCT_BUNDLE_IDENTIFIER = "com.wecan.Use-DatasourceTests";
				PRODUCT_NAME = "$(TARGET_NAME)";
				TEST_HOST = "$(BUILT_PRODUCTS_DIR)/Use Datasource.app/Use Datasource";
			};
			name = Release;
		};
		4DEBF6711C3906E200FFAE10 /* Debug */ = {
			isa = XCBuildConfiguration;
			buildSettings = {
				INFOPLIST_FILE = "Use DatasourceUITests/Info.plist";
				LD_RUNPATH_SEARCH_PATHS = "$(inherited) @executable_path/Frameworks @loader_path/Frameworks";
				PRODUCT_BUNDLE_IDENTIFIER = "com.wecan.Use-DatasourceUITests";
				PRODUCT_NAME = "$(TARGET_NAME)";
				TEST_TARGET_NAME = "Use Datasource";
				USES_XCTRUNNER = YES;
			};
			name = Debug;
		};
		4DEBF6721C3906E200FFAE10 /* Release */ = {
			isa = XCBuildConfiguration;
			buildSettings = {
				INFOPLIST_FILE = "Use DatasourceUITests/Info.plist";
				LD_RUNPATH_SEARCH_PATHS = "$(inherited) @executable_path/Frameworks @loader_path/Frameworks";
				PRODUCT_BUNDLE_IDENTIFIER = "com.wecan.Use-DatasourceUITests";
				PRODUCT_NAME = "$(TARGET_NAME)";
				TEST_TARGET_NAME = "Use Datasource";
				USES_XCTRUNNER = YES;
			};
			name = Release;
		};
/* End XCBuildConfiguration section */

/* Begin XCConfigurationList section */
		4DEBF6381C3906E200FFAE10 /* Build configuration list for PBXProject "Use Datasource" */ = {
			isa = XCConfigurationList;
			buildConfigurations = (
				4DEBF6681C3906E200FFAE10 /* Debug */,
				4DEBF6691C3906E200FFAE10 /* Release */,
			);
			defaultConfigurationIsVisible = 0;
			defaultConfigurationName = Release;
		};
		4DEBF66A1C3906E200FFAE10 /* Build configuration list for PBXNativeTarget "Use Datasource" */ = {
			isa = XCConfigurationList;
			buildConfigurations = (
				4DEBF66B1C3906E200FFAE10 /* Debug */,
				4DEBF66C1C3906E200FFAE10 /* Release */,
			);
			defaultConfigurationIsVisible = 0;
			defaultConfigurationName = Release;
		};
		4DEBF66D1C3906E200FFAE10 /* Build configuration list for PBXNativeTarget "Use DatasourceTests" */ = {
			isa = XCConfigurationList;
			buildConfigurations = (
				4DEBF66E1C3906E200FFAE10 /* Debug */,
				4DEBF66F1C3906E200FFAE10 /* Release */,
			);
			defaultConfigurationIsVisible = 0;
			defaultConfigurationName = Release;
		};
		4DEBF6701C3906E200FFAE10 /* Build configuration list for PBXNativeTarget "Use DatasourceUITests" */ = {
			isa = XCConfigurationList;
			buildConfigurations = (
				4DEBF6711C3906E200FFAE10 /* Debug */,
				4DEBF6721C3906E200FFAE10 /* Release */,
			);
			defaultConfigurationIsVisible = 0;
			defaultConfigurationName = Release;
		};
/* End XCConfigurationList section */
	};
	rootObject = 4DEBF6351C3906E200FFAE10 /* Project object */;
}
