// !$*UTF8*$!
{
	archiveVersion = 1;
	classes = {
	};
	objectVersion = 46;
	objects = {

/* Begin PBXBuildFile section */
		4D38F7591B29CA4600203BC9 /* main.m in Sources */ = {isa = PBXBuildFile; fileRef = 4D38F7581B29CA4600203BC9 /* main.m */; };
		4D38F75C1B29CA4600203BC9 /* AppDelegate.m in Sources */ = {isa = PBXBuildFile; fileRef = 4D38F75B1B29CA4600203BC9 /* AppDelegate.m */; };
		4D38F7621B29CA4600203BC9 /* Main.storyboard in Resources */ = {isa = PBXBuildFile; fileRef = 4D38F7601B29CA4600203BC9 /* Main.storyboard */; };
		4D38F7641B29CA4600203BC9 /* Images.xcassets in Resources */ = {isa = PBXBuildFile; fileRef = 4D38F7631B29CA4600203BC9 /* Images.xcassets */; };
		4D38F7671B29CA4600203BC9 /* LaunchScreen.xib in Resources */ = {isa = PBXBuildFile; fileRef = 4D38F7651B29CA4600203BC9 /* LaunchScreen.xib */; };
		4D38F7731B29CA4600203BC9 /* WMPageControllerTests.m in Sources */ = {isa = PBXBuildFile; fileRef = 4D38F7721B29CA4600203BC9 /* WMPageControllerTests.m */; };
		4D60B5F71B537F8A00BDD962 /* WMFooldView.m in Sources */ = {isa = PBXBuildFile; fileRef = 4D60B5F61B537F8A00BDD962 /* WMFooldView.m */; };
		4D60B5FA1B53A1E600BDD962 /* WMMainTableViewController.m in Sources */ = {isa = PBXBuildFile; fileRef = 4D60B5F91B53A1E600BDD962 /* WMMainTableViewController.m */; };
		4D6BDF6F1B2DA66B008282D1 /* Dragon Spirit.jpg in Resources */ = {isa = PBXBuildFile; fileRef = 4D6BDF671B2DA66B008282D1 /* Dragon Spirit.jpg */; };
		4D6BDF701B2DA66B008282D1 /* github.png in Resources */ = {isa = PBXBuildFile; fileRef = 4D6BDF681B2DA66B008282D1 /* github.png */; };
		4D6BDF711B2DA66B008282D1 /* hitMark.jpg in Resources */ = {isa = PBXBuildFile; fileRef = 4D6BDF691B2DA66B008282D1 /* hitMark.jpg */; };
		4D6BDF721B2DA66B008282D1 /* Night.jpg in Resources */ = {isa = PBXBuildFile; fileRef = 4D6BDF6A1B2DA66B008282D1 /* Night.jpg */; };
		4D6BDF731B2DA66B008282D1 /* onepiece.jpg in Resources */ = {isa = PBXBuildFile; fileRef = 4D6BDF6B1B2DA66B008282D1 /* onepiece.jpg */; };
		4D6BDF741B2DA66B008282D1 /* The roar.jpg in Resources */ = {isa = PBXBuildFile; fileRef = 4D6BDF6C1B2DA66B008282D1 /* The roar.jpg */; };
		4D6BDF751B2DA66B008282D1 /* three.jpg in Resources */ = {isa = PBXBuildFile; fileRef = 4D6BDF6D1B2DA66B008282D1 /* three.jpg */; };
		4D6BDF761B2DA66B008282D1 /* zoro.jpg in Resources */ = {isa = PBXBuildFile; fileRef = 4D6BDF6E1B2DA66B008282D1 /* zoro.jpg */; };
		4D6BDF7E1B2DB3CE008282D1 /* WMCollectionViewController.m in Sources */ = {isa = PBXBuildFile; fileRef = 4D6BDF791B2DB3CE008282D1 /* WMCollectionViewController.m */; };
		4D6BDF7F1B2DB3CE008282D1 /* WMTableViewController.m in Sources */ = {isa = PBXBuildFile; fileRef = 4D6BDF7B1B2DB3CE008282D1 /* WMTableViewController.m */; };
		4D6BDF801B2DB3CE008282D1 /* WMViewController.m in Sources */ = {isa = PBXBuildFile; fileRef = 4D6BDF7D1B2DB3CE008282D1 /* WMViewController.m */; };
		4D6BDF861B2DB3EE008282D1 /* WMImageViewCell.m in Sources */ = {isa = PBXBuildFile; fileRef = 4D6BDF831B2DB3EE008282D1 /* WMImageViewCell.m */; };
		4D6BDF871B2DB3EE008282D1 /* WMLoopView.m in Sources */ = {isa = PBXBuildFile; fileRef = 4D6BDF851B2DB3EE008282D1 /* WMLoopView.m */; };
		4D71C6F51B29CDB800BF9B12 /* WMPageController.m in Sources */ = {isa = PBXBuildFile; fileRef = 4D71C6F41B29CDB800BF9B12 /* WMPageController.m */; };
		4DC1EC3B1B368AA60042DA2B /* WMMenuItem.m in Sources */ = {isa = PBXBuildFile; fileRef = 4DC1EC361B368AA60042DA2B /* WMMenuItem.m */; };
		4DC1EC3C1B368AA60042DA2B /* WMMenuView.m in Sources */ = {isa = PBXBuildFile; fileRef = 4DC1EC381B368AA60042DA2B /* WMMenuView.m */; };
		4DC1EC3D1B368AA60042DA2B /* WMProgressView.m in Sources */ = {isa = PBXBuildFile; fileRef = 4DC1EC3A1B368AA60042DA2B /* WMProgressView.m */; };
/* End PBXBuildFile section */

/* Begin PBXContainerItemProxy section */
		4D38F76D1B29CA4600203BC9 /* PBXContainerItemProxy */ = {
			isa = PBXContainerItemProxy;
			containerPortal = 4D38F74B1B29CA4600203BC9 /* Project object */;
			proxyType = 1;
			remoteGlobalIDString = 4D38F7521B29CA4600203BC9;
			remoteInfo = WMPageController;
		};
/* End PBXContainerItemProxy section */

/* Begin PBXFileReference section */
		4D38F7531B29CA4600203BC9 /* WMPageController.app */ = {isa = PBXFileReference; explicitFileType = wrapper.application; includeInIndex = 0; path = WMPageController.app; sourceTree = BUILT_PRODUCTS_DIR; };
		4D38F7571B29CA4600203BC9 /* Info.plist */ = {isa = PBXFileReference; lastKnownFileType = text.plist.xml; path = Info.plist; sourceTree = "<group>"; };
		4D38F7581B29CA4600203BC9 /* main.m */ = {isa = PBXFileReference; lastKnownFileType = sourcecode.c.objc; path = main.m; sourceTree = "<group>"; };
		4D38F75A1B29CA4600203BC9 /* AppDelegate.h */ = {isa = PBXFileReference; lastKnownFileType = sourcecode.c.h; path = AppDelegate.h; sourceTree = "<group>"; };
		4D38F75B1B29CA4600203BC9 /* AppDelegate.m */ = {isa = PBXFileReference; lastKnownFileType = sourcecode.c.objc; path = AppDelegate.m; sourceTree = "<group>"; };
		4D38F7611B29CA4600203BC9 /* Base */ = {isa = PBXFileReference; lastKnownFileType = file.storyboard; name = Base; path = Base.lproj/Main.storyboard; sourceTree = "<group>"; };
		4D38F7631B29CA4600203BC9 /* Images.xcassets */ = {isa = PBXFileReference; lastKnownFileType = folder.assetcatalog; path = Images.xcassets; sourceTree = "<group>"; };
		4D38F7661B29CA4600203BC9 /* Base */ = {isa = PBXFileReference; lastKnownFileType = file.xib; name = Base; path = Base.lproj/LaunchScreen.xib; sourceTree = "<group>"; };
		4D38F76C1B29CA4600203BC9 /* WMPageControllerTests.xctest */ = {isa = PBXFileReference; explicitFileType = wrapper.cfbundle; includeInIndex = 0; path = WMPageControllerTests.xctest; sourceTree = BUILT_PRODUCTS_DIR; };
		4D38F7711B29CA4600203BC9 /* Info.plist */ = {isa = PBXFileReference; lastKnownFileType = text.plist.xml; path = Info.plist; sourceTree = "<group>"; };
		4D38F7721B29CA4600203BC9 /* WMPageControllerTests.m */ = {isa = PBXFileReference; lastKnownFileType = sourcecode.c.objc; path = WMPageControllerTests.m; sourceTree = "<group>"; };
		4D4D3E651B2B413900854961 /* WMPageConst.h */ = {isa = PBXFileReference; lastKnownFileType = sourcecode.c.h; path = WMPageConst.h; sourceTree = "<group>"; };
		4D60B5F51B537F8A00BDD962 /* WMFooldView.h */ = {isa = PBXFileReference; fileEncoding = 4; lastKnownFileType = sourcecode.c.h; path = WMFooldView.h; sourceTree = "<group>"; };
		4D60B5F61B537F8A00BDD962 /* WMFooldView.m */ = {isa = PBXFileReference; fileEncoding = 4; lastKnownFileType = sourcecode.c.objc; path = WMFooldView.m; sourceTree = "<group>"; };
		4D60B5F81B53A1E600BDD962 /* WMMainTableViewController.h */ = {isa = PBXFileReference; fileEncoding = 4; lastKnownFileType = sourcecode.c.h; path = WMMainTableViewController.h; sourceTree = "<group>"; };
		4D60B5F91B53A1E600BDD962 /* WMMainTableViewController.m */ = {isa = PBXFileReference; fileEncoding = 4; lastKnownFileType = sourcecode.c.objc; path = WMMainTableViewController.m; sourceTree = "<group>"; };
		4D6BDF671B2DA66B008282D1 /* Dragon Spirit.jpg */ = {isa = PBXFileReference; lastKnownFileType = image.jpeg; path = "Dragon Spirit.jpg"; sourceTree = "<group>"; };
		4D6BDF681B2DA66B008282D1 /* github.png */ = {isa = PBXFileReference; lastKnownFileType = image.png; path = github.png; sourceTree = "<group>"; };
		4D6BDF691B2DA66B008282D1 /* hitMark.jpg */ = {isa = PBXFileReference; lastKnownFileType = image.jpeg; path = hitMark.jpg; sourceTree = "<group>"; };
		4D6BDF6A1B2DA66B008282D1 /* Night.jpg */ = {isa = PBXFileReference; lastKnownFileType = image.jpeg; path = Night.jpg; sourceTree = "<group>"; };
		4D6BDF6B1B2DA66B008282D1 /* onepiece.jpg */ = {isa = PBXFileReference; lastKnownFileType = image.jpeg; path = onepiece.jpg; sourceTree = "<group>"; };
		4D6BDF6C1B2DA66B008282D1 /* The roar.jpg */ = {isa = PBXFileReference; lastKnownFileType = image.jpeg; path = "The roar.jpg"; sourceTree = "<group>"; };
		4D6BDF6D1B2DA66B008282D1 /* three.jpg */ = {isa = PBXFileReference; lastKnownFileType = image.jpeg; path = three.jpg; sourceTree = "<group>"; };
		4D6BDF6E1B2DA66B008282D1 /* zoro.jpg */ = {isa = PBXFileReference; lastKnownFileType = image.jpeg; path = zoro.jpg; sourceTree = "<group>"; };
		4D6BDF781B2DB3CE008282D1 /* WMCollectionViewController.h */ = {isa = PBXFileReference; fileEncoding = 4; lastKnownFileType = sourcecode.c.h; path = WMCollectionViewController.h; sourceTree = "<group>"; };
		4D6BDF791B2DB3CE008282D1 /* WMCollectionViewController.m */ = {isa = PBXFileReference; fileEncoding = 4; lastKnownFileType = sourcecode.c.objc; path = WMCollectionViewController.m; sourceTree = "<group>"; };
		4D6BDF7A1B2DB3CE008282D1 /* WMTableViewController.h */ = {isa = PBXFileReference; fileEncoding = 4; lastKnownFileType = sourcecode.c.h; path = WMTableViewController.h; sourceTree = "<group>"; };
		4D6BDF7B1B2DB3CE008282D1 /* WMTableViewController.m */ = {isa = PBXFileReference; fileEncoding = 4; lastKnownFileType = sourcecode.c.objc; path = WMTableViewController.m; sourceTree = "<group>"; };
		4D6BDF7C1B2DB3CE008282D1 /* WMViewController.h */ = {isa = PBXFileReference; fileEncoding = 4; lastKnownFileType = sourcecode.c.h; path = WMViewController.h; sourceTree = "<group>"; };
		4D6BDF7D1B2DB3CE008282D1 /* WMViewController.m */ = {isa = PBXFileReference; fileEncoding = 4; lastKnownFileType = sourcecode.c.objc; path = WMViewController.m; sourceTree = "<group>"; };
		4D6BDF821B2DB3EE008282D1 /* WMImageViewCell.h */ = {isa = PBXFileReference; fileEncoding = 4; lastKnownFileType = sourcecode.c.h; path = WMImageViewCell.h; sourceTree = "<group>"; };
		4D6BDF831B2DB3EE008282D1 /* WMImageViewCell.m */ = {isa = PBXFileReference; fileEncoding = 4; lastKnownFileType = sourcecode.c.objc; path = WMImageViewCell.m; sourceTree = "<group>"; };
		4D6BDF841B2DB3EE008282D1 /* WMLoopView.h */ = {isa = PBXFileReference; fileEncoding = 4; lastKnownFileType = sourcecode.c.h; path = WMLoopView.h; sourceTree = "<group>"; };
		4D6BDF851B2DB3EE008282D1 /* WMLoopView.m */ = {isa = PBXFileReference; fileEncoding = 4; lastKnownFileType = sourcecode.c.objc; path = WMLoopView.m; sourceTree = "<group>"; };
		4D71C6F31B29CDB800BF9B12 /* WMPageController.h */ = {isa = PBXFileReference; fileEncoding = 4; lastKnownFileType = sourcecode.c.h; path = WMPageController.h; sourceTree = "<group>"; };
		4D71C6F41B29CDB800BF9B12 /* WMPageController.m */ = {isa = PBXFileReference; fileEncoding = 4; lastKnownFileType = sourcecode.c.objc; path = WMPageController.m; sourceTree = "<group>"; };
		4DC1EC351B368AA60042DA2B /* WMMenuItem.h */ = {isa = PBXFileReference; fileEncoding = 4; lastKnownFileType = sourcecode.c.h; path = WMMenuItem.h; sourceTree = "<group>"; };
		4DC1EC361B368AA60042DA2B /* WMMenuItem.m */ = {isa = PBXFileReference; fileEncoding = 4; lastKnownFileType = sourcecode.c.objc; path = WMMenuItem.m; sourceTree = "<group>"; };
		4DC1EC371B368AA60042DA2B /* WMMenuView.h */ = {isa = PBXFileReference; fileEncoding = 4; lastKnownFileType = sourcecode.c.h; path = WMMenuView.h; sourceTree = "<group>"; };
		4DC1EC381B368AA60042DA2B /* WMMenuView.m */ = {isa = PBXFileReference; fileEncoding = 4; lastKnownFileType = sourcecode.c.objc; path = WMMenuView.m; sourceTree = "<group>"; };
		4DC1EC391B368AA60042DA2B /* WMProgressView.h */ = {isa = PBXFileReference; fileEncoding = 4; lastKnownFileType = sourcecode.c.h; path = WMProgressView.h; sourceTree = "<group>"; };
		4DC1EC3A1B368AA60042DA2B /* WMProgressView.m */ = {isa = PBXFileReference; fileEncoding = 4; lastKnownFileType = sourcecode.c.objc; path = WMProgressView.m; sourceTree = "<group>"; };
/* End PBXFileReference section */

/* Begin PBXFrameworksBuildPhase section */
		4D38F7501B29CA4600203BC9 /* Frameworks */ = {
			isa = PBXFrameworksBuildPhase;
			buildActionMask = 2147483647;
			files = (
			);
			runOnlyForDeploymentPostprocessing = 0;
		};
		4D38F7691B29CA4600203BC9 /* Frameworks */ = {
			isa = PBXFrameworksBuildPhase;
			buildActionMask = 2147483647;
			files = (
			);
			runOnlyForDeploymentPostprocessing = 0;
		};
/* End PBXFrameworksBuildPhase section */

/* Begin PBXGroup section */
		4D38F74A1B29CA4600203BC9 = {
			isa = PBXGroup;
			children = (
				4D38F7551B29CA4600203BC9 /* WMPageController */,
				4D38F76F1B29CA4600203BC9 /* WMPageControllerTests */,
				4D38F7541B29CA4600203BC9 /* Products */,
			);
			sourceTree = "<group>";
		};
		4D38F7541B29CA4600203BC9 /* Products */ = {
			isa = PBXGroup;
			children = (
				4D38F7531B29CA4600203BC9 /* WMPageController.app */,
				4D38F76C1B29CA4600203BC9 /* WMPageControllerTests.xctest */,
			);
			name = Products;
			sourceTree = "<group>";
		};
		4D38F7551B29CA4600203BC9 /* WMPageController */ = {
			isa = PBXGroup;
			children = (
				4D71C6D51B29CC3A00BF9B12 /* WMPageController */,
				4D6BDF811B2DB3EE008282D1 /* View */,
				4D6BDF771B2DB3CE008282D1 /* Controller */,
				4D38F75A1B29CA4600203BC9 /* AppDelegate.h */,
				4D38F75B1B29CA4600203BC9 /* AppDelegate.m */,
				4D60B5F81B53A1E600BDD962 /* WMMainTableViewController.h */,
				4D60B5F91B53A1E600BDD962 /* WMMainTableViewController.m */,
				4D38F7601B29CA4600203BC9 /* Main.storyboard */,
				4D38F7631B29CA4600203BC9 /* Images.xcassets */,
				4D38F7651B29CA4600203BC9 /* LaunchScreen.xib */,
				4D38F7561B29CA4600203BC9 /* Supporting Files */,
			);
			path = WMPageController;
			sourceTree = "<group>";
		};
		4D38F7561B29CA4600203BC9 /* Supporting Files */ = {
			isa = PBXGroup;
			children = (
				4D6BDF661B2DA66B008282D1 /* Images */,
				4D38F7571B29CA4600203BC9 /* Info.plist */,
				4D38F7581B29CA4600203BC9 /* main.m */,
			);
			name = "Supporting Files";
			sourceTree = "<group>";
		};
		4D38F76F1B29CA4600203BC9 /* WMPageControllerTests */ = {
			isa = PBXGroup;
			children = (
				4D38F7721B29CA4600203BC9 /* WMPageControllerTests.m */,
				4D38F7701B29CA4600203BC9 /* Supporting Files */,
			);
			path = WMPageControllerTests;
			sourceTree = "<group>";
		};
		4D38F7701B29CA4600203BC9 /* Supporting Files */ = {
			isa = PBXGroup;
			children = (
				4D38F7711B29CA4600203BC9 /* Info.plist */,
			);
			name = "Supporting Files";
			sourceTree = "<group>";
		};
		4D6BDF661B2DA66B008282D1 /* Images */ = {
			isa = PBXGroup;
			children = (
				4D6BDF671B2DA66B008282D1 /* Dragon Spirit.jpg */,
				4D6BDF681B2DA66B008282D1 /* github.png */,
				4D6BDF691B2DA66B008282D1 /* hitMark.jpg */,
				4D6BDF6A1B2DA66B008282D1 /* Night.jpg */,
				4D6BDF6B1B2DA66B008282D1 /* onepiece.jpg */,
				4D6BDF6C1B2DA66B008282D1 /* The roar.jpg */,
				4D6BDF6D1B2DA66B008282D1 /* three.jpg */,
				4D6BDF6E1B2DA66B008282D1 /* zoro.jpg */,
			);
			path = Images;
			sourceTree = "<group>";
		};
		4D6BDF771B2DB3CE008282D1 /* Controller */ = {
			isa = PBXGroup;
			children = (
				4D6BDF781B2DB3CE008282D1 /* WMCollectionViewController.h */,
				4D6BDF791B2DB3CE008282D1 /* WMCollectionViewController.m */,
				4D6BDF7A1B2DB3CE008282D1 /* WMTableViewController.h */,
				4D6BDF7B1B2DB3CE008282D1 /* WMTableViewController.m */,
				4D6BDF7C1B2DB3CE008282D1 /* WMViewController.h */,
				4D6BDF7D1B2DB3CE008282D1 /* WMViewController.m */,
			);
			path = Controller;
			sourceTree = "<group>";
		};
		4D6BDF811B2DB3EE008282D1 /* View */ = {
			isa = PBXGroup;
			children = (
				4D6BDF821B2DB3EE008282D1 /* WMImageViewCell.h */,
				4D6BDF831B2DB3EE008282D1 /* WMImageViewCell.m */,
				4D6BDF841B2DB3EE008282D1 /* WMLoopView.h */,
				4D6BDF851B2DB3EE008282D1 /* WMLoopView.m */,
			);
			path = View;
			sourceTree = "<group>";
		};
		4D71C6D51B29CC3A00BF9B12 /* WMPageController */ = {
			isa = PBXGroup;
			children = (
				4D4D3E651B2B413900854961 /* WMPageConst.h */,
				4D71C6F31B29CDB800BF9B12 /* WMPageController.h */,
				4D71C6F41B29CDB800BF9B12 /* WMPageController.m */,
				4DC1EC341B368AA60042DA2B /* WMMenuView */,
			);
			path = WMPageController;
			sourceTree = "<group>";
		};
		4DC1EC341B368AA60042DA2B /* WMMenuView */ = {
			isa = PBXGroup;
			children = (
				4DC1EC351B368AA60042DA2B /* WMMenuItem.h */,
				4DC1EC361B368AA60042DA2B /* WMMenuItem.m */,
				4DC1EC371B368AA60042DA2B /* WMMenuView.h */,
				4DC1EC381B368AA60042DA2B /* WMMenuView.m */,
				4DC1EC391B368AA60042DA2B /* WMProgressView.h */,
				4DC1EC3A1B368AA60042DA2B /* WMProgressView.m */,
				4D60B5F51B537F8A00BDD962 /* WMFooldView.h */,
				4D60B5F61B537F8A00BDD962 /* WMFooldView.m */,
			);
			path = WMMenuView;
			sourceTree = "<group>";
		};
/* End PBXGroup section */

/* Begin PBXNativeTarget section */
		4D38F7521B29CA4600203BC9 /* WMPageController */ = {
			isa = PBXNativeTarget;
			buildConfigurationList = 4D38F7761B29CA4600203BC9 /* Build configuration list for PBXNativeTarget "WMPageController" */;
			buildPhases = (
				4D38F74F1B29CA4600203BC9 /* Sources */,
				4D38F7501B29CA4600203BC9 /* Frameworks */,
				4D38F7511B29CA4600203BC9 /* Resources */,
			);
			buildRules = (
			);
			dependencies = (
			);
			name = WMPageController;
			productName = WMPageController;
			productReference = 4D38F7531B29CA4600203BC9 /* WMPageController.app */;
			productType = "com.apple.product-type.application";
		};
		4D38F76B1B29CA4600203BC9 /* WMPageControllerTests */ = {
			isa = PBXNativeTarget;
			buildConfigurationList = 4D38F7791B29CA4600203BC9 /* Build configuration list for PBXNativeTarget "WMPageControllerTests" */;
			buildPhases = (
				4D38F7681B29CA4600203BC9 /* Sources */,
				4D38F7691B29CA4600203BC9 /* Frameworks */,
				4D38F76A1B29CA4600203BC9 /* Resources */,
			);
			buildRules = (
			);
			dependencies = (
				4D38F76E1B29CA4600203BC9 /* PBXTargetDependency */,
			);
			name = WMPageControllerTests;
			productName = WMPageControllerTests;
			productReference = 4D38F76C1B29CA4600203BC9 /* WMPageControllerTests.xctest */;
			productType = "com.apple.product-type.bundle.unit-test";
		};
/* End PBXNativeTarget section */

/* Begin PBXProject section */
		4D38F74B1B29CA4600203BC9 /* Project object */ = {
			isa = PBXProject;
			attributes = {
				LastUpgradeCheck = 0630;
				ORGANIZATIONNAME = yq;
				TargetAttributes = {
					4D38F7521B29CA4600203BC9 = {
						CreatedOnToolsVersion = 6.3.2;
					};
					4D38F76B1B29CA4600203BC9 = {
						CreatedOnToolsVersion = 6.3.2;
						TestTargetID = 4D38F7521B29CA4600203BC9;
					};
				};
			};
			buildConfigurationList = 4D38F74E1B29CA4600203BC9 /* Build configuration list for PBXProject "WMPageController" */;
			compatibilityVersion = "Xcode 3.2";
			developmentRegion = English;
			hasScannedForEncodings = 0;
			knownRegions = (
				en,
				Base,
			);
			mainGroup = 4D38F74A1B29CA4600203BC9;
			productRefGroup = 4D38F7541B29CA4600203BC9 /* Products */;
			projectDirPath = "";
			projectRoot = "";
			targets = (
				4D38F7521B29CA4600203BC9 /* WMPageController */,
				4D38F76B1B29CA4600203BC9 /* WMPageControllerTests */,
			);
		};
/* End PBXProject section */

/* Begin PBXResourcesBuildPhase section */
		4D38F7511B29CA4600203BC9 /* Resources */ = {
			isa = PBXResourcesBuildPhase;
			buildActionMask = 2147483647;
			files = (
				4D6BDF711B2DA66B008282D1 /* hitMark.jpg in Resources */,
				4D38F7621B29CA4600203BC9 /* Main.storyboard in Resources */,
				4D6BDF721B2DA66B008282D1 /* Night.jpg in Resources */,
				4D6BDF731B2DA66B008282D1 /* onepiece.jpg in Resources */,
				4D6BDF761B2DA66B008282D1 /* zoro.jpg in Resources */,
				4D6BDF751B2DA66B008282D1 /* three.jpg in Resources */,
				4D6BDF701B2DA66B008282D1 /* github.png in Resources */,
				4D38F7671B29CA4600203BC9 /* LaunchScreen.xib in Resources */,
				4D6BDF6F1B2DA66B008282D1 /* Dragon Spirit.jpg in Resources */,
				4D6BDF741B2DA66B008282D1 /* The roar.jpg in Resources */,
				4D38F7641B29CA4600203BC9 /* Images.xcassets in Resources */,
			);
			runOnlyForDeploymentPostprocessing = 0;
		};
		4D38F76A1B29CA4600203BC9 /* Resources */ = {
			isa = PBXResourcesBuildPhase;
			buildActionMask = 2147483647;
			files = (
			);
			runOnlyForDeploymentPostprocessing = 0;
		};
/* End PBXResourcesBuildPhase section */

/* Begin PBXSourcesBuildPhase section */
		4D38F74F1B29CA4600203BC9 /* Sources */ = {
			isa = PBXSourcesBuildPhase;
			buildActionMask = 2147483647;
			files = (
				4D71C6F51B29CDB800BF9B12 /* WMPageController.m in Sources */,
				4DC1EC3C1B368AA60042DA2B /* WMMenuView.m in Sources */,
				4D38F75C1B29CA4600203BC9 /* AppDelegate.m in Sources */,
				4D60B5F71B537F8A00BDD962 /* WMFooldView.m in Sources */,
				4D6BDF7E1B2DB3CE008282D1 /* WMCollectionViewController.m in Sources */,
				4D6BDF7F1B2DB3CE008282D1 /* WMTableViewController.m in Sources */,
				4D6BDF801B2DB3CE008282D1 /* WMViewController.m in Sources */,
				4DC1EC3B1B368AA60042DA2B /* WMMenuItem.m in Sources */,
				4DC1EC3D1B368AA60042DA2B /* WMProgressView.m in Sources */,
				4D6BDF871B2DB3EE008282D1 /* WMLoopView.m in Sources */,
				4D6BDF861B2DB3EE008282D1 /* WMImageViewCell.m in Sources */,
				4D60B5FA1B53A1E600BDD962 /* WMMainTableViewController.m in Sources */,
				4D38F7591B29CA4600203BC9 /* main.m in Sources */,
			);
			runOnlyForDeploymentPostprocessing = 0;
		};
		4D38F7681B29CA4600203BC9 /* Sources */ = {
			isa = PBXSourcesBuildPhase;
			buildActionMask = 2147483647;
			files = (
				4D38F7731B29CA4600203BC9 /* WMPageControllerTests.m in Sources */,
			);
			runOnlyForDeploymentPostprocessing = 0;
		};
/* End PBXSourcesBuildPhase section */

/* Begin PBXTargetDependency section */
		4D38F76E1B29CA4600203BC9 /* PBXTargetDependency */ = {
			isa = PBXTargetDependency;
			target = 4D38F7521B29CA4600203BC9 /* WMPageController */;
			targetProxy = 4D38F76D1B29CA4600203BC9 /* PBXContainerItemProxy */;
		};
/* End PBXTargetDependency section */

/* Begin PBXVariantGroup section */
		4D38F7601B29CA4600203BC9 /* Main.storyboard */ = {
			isa = PBXVariantGroup;
			children = (
				4D38F7611B29CA4600203BC9 /* Base */,
			);
			name = Main.storyboard;
			sourceTree = "<group>";
		};
		4D38F7651B29CA4600203BC9 /* LaunchScreen.xib */ = {
			isa = PBXVariantGroup;
			children = (
				4D38F7661B29CA4600203BC9 /* Base */,
			);
			name = LaunchScreen.xib;
			sourceTree = "<group>";
		};
/* End PBXVariantGroup section */

/* Begin XCBuildConfiguration section */
		4D38F7741B29CA4600203BC9 /* Debug */ = {
			isa = XCBuildConfiguration;
			buildSettings = {
				ALWAYS_SEARCH_USER_PATHS = NO;
				CLANG_CXX_LANGUAGE_STANDARD = "gnu++0x";
				CLANG_CXX_LIBRARY = "libc++";
				CLANG_ENABLE_MODULES = YES;
				CLANG_ENABLE_OBJC_ARC = YES;
				CLANG_WARN_BOOL_CONVERSION = YES;
				CLANG_WARN_CONSTANT_CONVERSION = YES;
				CLANG_WARN_DIRECT_OBJC_ISA_USAGE = YES_ERROR;
				CLANG_WARN_EMPTY_BODY = YES;
				CLANG_WARN_ENUM_CONVERSION = YES;
				CLANG_WARN_INT_CONVERSION = YES;
				CLANG_WARN_OBJC_ROOT_CLASS = YES_ERROR;
				CLANG_WARN_UNREACHABLE_CODE = YES;
				CLANG_WARN__DUPLICATE_METHOD_MATCH = YES;
				"CODE_SIGN_IDENTITY[sdk=iphoneos*]" = "iPhone Developer";
				COPY_PHASE_STRIP = NO;
				DEBUG_INFORMATION_FORMAT = "dwarf-with-dsym";
				ENABLE_STRICT_OBJC_MSGSEND = YES;
				GCC_C_LANGUAGE_STANDARD = gnu99;
				GCC_DYNAMIC_NO_PIC = NO;
				GCC_NO_COMMON_BLOCKS = YES;
				GCC_OPTIMIZATION_LEVEL = 0;
				GCC_PREPROCESSOR_DEFINITIONS = (
					"DEBUG=1",
					"$(inherited)",
				);
				GCC_SYMBOLS_PRIVATE_EXTERN = NO;
				GCC_WARN_64_TO_32_BIT_CONVERSION = YES;
				GCC_WARN_ABOUT_RETURN_TYPE = YES_ERROR;
				GCC_WARN_UNDECLARED_SELECTOR = YES;
				GCC_WARN_UNINITIALIZED_AUTOS = YES_AGGRESSIVE;
				GCC_WARN_UNUSED_FUNCTION = YES;
				GCC_WARN_UNUSED_VARIABLE = YES;
				IPHONEOS_DEPLOYMENT_TARGET = 8.3;
				MTL_ENABLE_DEBUG_INFO = YES;
				ONLY_ACTIVE_ARCH = YES;
				SDKROOT = iphoneos;
			};
			name = Debug;
		};
		4D38F7751B29CA4600203BC9 /* Release */ = {
			isa = XCBuildConfiguration;
			buildSettings = {
				ALWAYS_SEARCH_USER_PATHS = NO;
				CLANG_CXX_LANGUAGE_STANDARD = "gnu++0x";
				CLANG_CXX_LIBRARY = "libc++";
				CLANG_ENABLE_MODULES = YES;
				CLANG_ENABLE_OBJC_ARC = YES;
				CLANG_WARN_BOOL_CONVERSION = YES;
				CLANG_WARN_CONSTANT_CONVERSION = YES;
				CLANG_WARN_DIRECT_OBJC_ISA_USAGE = YES_ERROR;
				CLANG_WARN_EMPTY_BODY = YES;
				CLANG_WARN_ENUM_CONVERSION = YES;
				CLANG_WARN_INT_CONVERSION = YES;
				CLANG_WARN_OBJC_ROOT_CLASS = YES_ERROR;
				CLANG_WARN_UNREACHABLE_CODE = YES;
				CLANG_WARN__DUPLICATE_METHOD_MATCH = YES;
				"CODE_SIGN_IDENTITY[sdk=iphoneos*]" = "iPhone Developer";
				COPY_PHASE_STRIP = NO;
				DEBUG_INFORMATION_FORMAT = "dwarf-with-dsym";
				ENABLE_NS_ASSERTIONS = NO;
				ENABLE_STRICT_OBJC_MSGSEND = YES;
				GCC_C_LANGUAGE_STANDARD = gnu99;
				GCC_NO_COMMON_BLOCKS = YES;
				GCC_WARN_64_TO_32_BIT_CONVERSION = YES;
				GCC_WARN_ABOUT_RETURN_TYPE = YES_ERROR;
				GCC_WARN_UNDECLARED_SELECTOR = YES;
				GCC_WARN_UNINITIALIZED_AUTOS = YES_AGGRESSIVE;
				GCC_WARN_UNUSED_FUNCTION = YES;
				GCC_WARN_UNUSED_VARIABLE = YES;
				IPHONEOS_DEPLOYMENT_TARGET = 8.3;
				MTL_ENABLE_DEBUG_INFO = NO;
				SDKROOT = iphoneos;
				VALIDATE_PRODUCT = YES;
			};
			name = Release;
		};
		4D38F7771B29CA4600203BC9 /* Debug */ = {
			isa = XCBuildConfiguration;
			buildSettings = {
				ASSETCATALOG_COMPILER_APPICON_NAME = AppIcon;
				INFOPLIST_FILE = WMPageController/Info.plist;
				IPHONEOS_DEPLOYMENT_TARGET = 7.1;
				LD_RUNPATH_SEARCH_PATHS = "$(inherited) @executable_path/Frameworks";
				PRODUCT_NAME = "$(TARGET_NAME)";
			};
			name = Debug;
		};
		4D38F7781B29CA4600203BC9 /* Release */ = {
			isa = XCBuildConfiguration;
			buildSettings = {
				ASSETCATALOG_COMPILER_APPICON_NAME = AppIcon;
				INFOPLIST_FILE = WMPageController/Info.plist;
				IPHONEOS_DEPLOYMENT_TARGET = 7.1;
				LD_RUNPATH_SEARCH_PATHS = "$(inherited) @executable_path/Frameworks";
				PRODUCT_NAME = "$(TARGET_NAME)";
			};
			name = Release;
		};
		4D38F77A1B29CA4600203BC9 /* Debug */ = {
			isa = XCBuildConfiguration;
			buildSettings = {
				BUNDLE_LOADER = "$(TEST_HOST)";
				FRAMEWORK_SEARCH_PATHS = (
					"$(SDKROOT)/Developer/Library/Frameworks",
					"$(inherited)",
				);
				GCC_PREPROCESSOR_DEFINITIONS = (
					"DEBUG=1",
					"$(inherited)",
				);
				INFOPLIST_FILE = WMPageControllerTests/Info.plist;
				LD_RUNPATH_SEARCH_PATHS = "$(inherited) @executable_path/Frameworks @loader_path/Frameworks";
				PRODUCT_NAME = "$(TARGET_NAME)";
				TEST_HOST = "$(BUILT_PRODUCTS_DIR)/WMPageController.app/WMPageController";
			};
			name = Debug;
		};
		4D38F77B1B29CA4600203BC9 /* Release */ = {
			isa = XCBuildConfiguration;
			buildSettings = {
				BUNDLE_LOADER = "$(TEST_HOST)";
				FRAMEWORK_SEARCH_PATHS = (
					"$(SDKROOT)/Developer/Library/Frameworks",
					"$(inherited)",
				);
				INFOPLIST_FILE = WMPageControllerTests/Info.plist;
				LD_RUNPATH_SEARCH_PATHS = "$(inherited) @executable_path/Frameworks @loader_path/Frameworks";
				PRODUCT_NAME = "$(TARGET_NAME)";
				TEST_HOST = "$(BUILT_PRODUCTS_DIR)/WMPageController.app/WMPageController";
			};
			name = Release;
		};
/* End XCBuildConfiguration section */

/* Begin XCConfigurationList section */
		4D38F74E1B29CA4600203BC9 /* Build configuration list for PBXProject "WMPageController" */ = {
			isa = XCConfigurationList;
			buildConfigurations = (
				4D38F7741B29CA4600203BC9 /* Debug */,
				4D38F7751B29CA4600203BC9 /* Release */,
			);
			defaultConfigurationIsVisible = 0;
			defaultConfigurationName = Release;
		};
		4D38F7761B29CA4600203BC9 /* Build configuration list for PBXNativeTarget "WMPageController" */ = {
			isa = XCConfigurationList;
			buildConfigurations = (
				4D38F7771B29CA4600203BC9 /* Debug */,
				4D38F7781B29CA4600203BC9 /* Release */,
			);
			defaultConfigurationIsVisible = 0;
			defaultConfigurationName = Release;
		};
		4D38F7791B29CA4600203BC9 /* Build configuration list for PBXNativeTarget "WMPageControllerTests" */ = {
			isa = XCConfigurationList;
			buildConfigurations = (
				4D38F77A1B29CA4600203BC9 /* Debug */,
				4D38F77B1B29CA4600203BC9 /* Release */,
			);
			defaultConfigurationIsVisible = 0;
			defaultConfigurationName = Release;
		};
/* End XCConfigurationList section */
	};
	rootObject = 4D38F74B1B29CA4600203BC9 /* Project object */;
}
