// !$*UTF8*$!
{
	archiveVersion = 1;
	classes = {
	};
	objectVersion = 46;
	objects = {

/* Begin PBXBuildFile section */
		32A9799B1FC6B8BF00C392A0 /* UIViewController+WMPageController.m in Sources */ = {isa = PBXBuildFile; fileRef = 32A9799A1FC6B8BF00C392A0 /* UIViewController+WMPageController.m */; };
		4DAB33FF1C12C762004EA0A4 /* main.m in Sources */ = {isa = PBXBuildFile; fileRef = 4DAB33FE1C12C762004EA0A4 /* main.m */; };
		4DAB34021C12C762004EA0A4 /* AppDelegate.m in Sources */ = {isa = PBXBuildFile; fileRef = 4DAB34011C12C762004EA0A4 /* AppDelegate.m */; };
		4DAB34081C12C762004EA0A4 /* Main.storyboard in Resources */ = {isa = PBXBuildFile; fileRef = 4DAB34061C12C762004EA0A4 /* Main.storyboard */; };
		4DAB340A1C12C762004EA0A4 /* Assets.xcassets in Resources */ = {isa = PBXBuildFile; fileRef = 4DAB34091C12C762004EA0A4 /* Assets.xcassets */; };
		4DAB340D1C12C762004EA0A4 /* LaunchScreen.storyboard in Resources */ = {isa = PBXBuildFile; fileRef = 4DAB340B1C12C762004EA0A4 /* LaunchScreen.storyboard */; };
		4DAB34181C12C762004EA0A4 /* StoryboardTests.m in Sources */ = {isa = PBXBuildFile; fileRef = 4DAB34171C12C762004EA0A4 /* StoryboardTests.m */; };
		4DAB34231C12C762004EA0A4 /* StoryboardUITests.m in Sources */ = {isa = PBXBuildFile; fileRef = 4DAB34221C12C762004EA0A4 /* StoryboardUITests.m */; };
		4DAB34401C12C7F8004EA0A4 /* WMMenuItem.m in Sources */ = {isa = PBXBuildFile; fileRef = 4DAB34351C12C7F8004EA0A4 /* WMMenuItem.m */; };
		4DAB34411C12C7F8004EA0A4 /* WMMenuView.m in Sources */ = {isa = PBXBuildFile; fileRef = 4DAB34371C12C7F8004EA0A4 /* WMMenuView.m */; };
		4DAB34421C12C7F8004EA0A4 /* WMProgressView.m in Sources */ = {isa = PBXBuildFile; fileRef = 4DAB34391C12C7F8004EA0A4 /* WMProgressView.m */; };
		4DAB34431C12C7F8004EA0A4 /* WMScrollView.m in Sources */ = {isa = PBXBuildFile; fileRef = 4DAB343B1C12C7F8004EA0A4 /* WMScrollView.m */; };
		4DAB34441C12C7F8004EA0A4 /* WMPageController.m in Sources */ = {isa = PBXBuildFile; fileRef = 4DAB343E1C12C7F8004EA0A4 /* WMPageController.m */; };
		4DAB34741C12C90C004EA0A4 /* WMViewController.m in Sources */ = {isa = PBXBuildFile; fileRef = 4DAB34711C12C90C004EA0A4 /* WMViewController.m */; };
		4DAB34821C12CA96004EA0A4 /* CustomPageViewController.m in Sources */ = {isa = PBXBuildFile; fileRef = 4DAB34811C12CA96004EA0A4 /* CustomPageViewController.m */; };
/* End PBXBuildFile section */

/* Begin PBXContainerItemProxy section */
		4DAB34141C12C762004EA0A4 /* PBXContainerItemProxy */ = {
			isa = PBXContainerItemProxy;
			containerPortal = 4DAB33F21C12C762004EA0A4 /* Project object */;
			proxyType = 1;
			remoteGlobalIDString = 4DAB33F91C12C762004EA0A4;
			remoteInfo = Storyboard;
		};
		4DAB341F1C12C762004EA0A4 /* PBXContainerItemProxy */ = {
			isa = PBXContainerItemProxy;
			containerPortal = 4DAB33F21C12C762004EA0A4 /* Project object */;
			proxyType = 1;
			remoteGlobalIDString = 4DAB33F91C12C762004EA0A4;
			remoteInfo = Storyboard;
		};
/* End PBXContainerItemProxy section */

/* Begin PBXFileReference section */
		32A979991FC6B8BF00C392A0 /* UIViewController+WMPageController.h */ = {isa = PBXFileReference; fileEncoding = 4; lastKnownFileType = sourcecode.c.h; path = "UIViewController+WMPageController.h"; sourceTree = "<group>"; };
		32A9799A1FC6B8BF00C392A0 /* UIViewController+WMPageController.m */ = {isa = PBXFileReference; fileEncoding = 4; lastKnownFileType = sourcecode.c.objc; path = "UIViewController+WMPageController.m"; sourceTree = "<group>"; };
		4DAB33FA1C12C762004EA0A4 /* Storyboard.app */ = {isa = PBXFileReference; explicitFileType = wrapper.application; includeInIndex = 0; path = Storyboard.app; sourceTree = BUILT_PRODUCTS_DIR; };
		4DAB33FE1C12C762004EA0A4 /* main.m */ = {isa = PBXFileReference; lastKnownFileType = sourcecode.c.objc; path = main.m; sourceTree = "<group>"; };
		4DAB34001C12C762004EA0A4 /* AppDelegate.h */ = {isa = PBXFileReference; lastKnownFileType = sourcecode.c.h; path = AppDelegate.h; sourceTree = "<group>"; };
		4DAB34011C12C762004EA0A4 /* AppDelegate.m */ = {isa = PBXFileReference; lastKnownFileType = sourcecode.c.objc; path = AppDelegate.m; sourceTree = "<group>"; };
		4DAB34071C12C762004EA0A4 /* Base */ = {isa = PBXFileReference; lastKnownFileType = file.storyboard; name = Base; path = Base.lproj/Main.storyboard; sourceTree = "<group>"; };
		4DAB34091C12C762004EA0A4 /* Assets.xcassets */ = {isa = PBXFileReference; lastKnownFileType = folder.assetcatalog; path = Assets.xcassets; sourceTree = "<group>"; };
		4DAB340C1C12C762004EA0A4 /* Base */ = {isa = PBXFileReference; lastKnownFileType = file.storyboard; name = Base; path = Base.lproj/LaunchScreen.storyboard; sourceTree = "<group>"; };
		4DAB340E1C12C762004EA0A4 /* Info.plist */ = {isa = PBXFileReference; lastKnownFileType = text.plist.xml; path = Info.plist; sourceTree = "<group>"; };
		4DAB34131C12C762004EA0A4 /* StoryboardTests.xctest */ = {isa = PBXFileReference; explicitFileType = wrapper.cfbundle; includeInIndex = 0; path = StoryboardTests.xctest; sourceTree = BUILT_PRODUCTS_DIR; };
		4DAB34171C12C762004EA0A4 /* StoryboardTests.m */ = {isa = PBXFileReference; lastKnownFileType = sourcecode.c.objc; path = StoryboardTests.m; sourceTree = "<group>"; };
		4DAB34191C12C762004EA0A4 /* Info.plist */ = {isa = PBXFileReference; lastKnownFileType = text.plist.xml; path = Info.plist; sourceTree = "<group>"; };
		4DAB341E1C12C762004EA0A4 /* StoryboardUITests.xctest */ = {isa = PBXFileReference; explicitFileType = wrapper.cfbundle; includeInIndex = 0; path = StoryboardUITests.xctest; sourceTree = BUILT_PRODUCTS_DIR; };
		4DAB34221C12C762004EA0A4 /* StoryboardUITests.m */ = {isa = PBXFileReference; lastKnownFileType = sourcecode.c.objc; path = StoryboardUITests.m; sourceTree = "<group>"; };
		4DAB34241C12C762004EA0A4 /* Info.plist */ = {isa = PBXFileReference; lastKnownFileType = text.plist.xml; path = Info.plist; sourceTree = "<group>"; };
		4DAB34341C12C7F8004EA0A4 /* WMMenuItem.h */ = {isa = PBXFileReference; fileEncoding = 4; lastKnownFileType = sourcecode.c.h; path = WMMenuItem.h; sourceTree = "<group>"; };
		4DAB34351C12C7F8004EA0A4 /* WMMenuItem.m */ = {isa = PBXFileReference; fileEncoding = 4; lastKnownFileType = sourcecode.c.objc; path = WMMenuItem.m; sourceTree = "<group>"; };
		4DAB34361C12C7F8004EA0A4 /* WMMenuView.h */ = {isa = PBXFileReference; fileEncoding = 4; lastKnownFileType = sourcecode.c.h; path = WMMenuView.h; sourceTree = "<group>"; };
		4DAB34371C12C7F8004EA0A4 /* WMMenuView.m */ = {isa = PBXFileReference; fileEncoding = 4; lastKnownFileType = sourcecode.c.objc; path = WMMenuView.m; sourceTree = "<group>"; };
		4DAB34381C12C7F8004EA0A4 /* WMProgressView.h */ = {isa = PBXFileReference; fileEncoding = 4; lastKnownFileType = sourcecode.c.h; path = WMProgressView.h; sourceTree = "<group>"; };
		4DAB34391C12C7F8004EA0A4 /* WMProgressView.m */ = {isa = PBXFileReference; fileEncoding = 4; lastKnownFileType = sourcecode.c.objc; path = WMProgressView.m; sourceTree = "<group>"; };
		4DAB343A1C12C7F8004EA0A4 /* WMScrollView.h */ = {isa = PBXFileReference; fileEncoding = 4; lastKnownFileType = sourcecode.c.h; path = WMScrollView.h; sourceTree = "<group>"; };
		4DAB343B1C12C7F8004EA0A4 /* WMScrollView.m */ = {isa = PBXFileReference; fileEncoding = 4; lastKnownFileType = sourcecode.c.objc; path = WMScrollView.m; sourceTree = "<group>"; };
		4DAB343D1C12C7F8004EA0A4 /* WMPageController.h */ = {isa = PBXFileReference; fileEncoding = 4; lastKnownFileType = sourcecode.c.h; path = WMPageController.h; sourceTree = "<group>"; };
		4DAB343E1C12C7F8004EA0A4 /* WMPageController.m */ = {isa = PBXFileReference; fileEncoding = 4; lastKnownFileType = sourcecode.c.objc; path = WMPageController.m; sourceTree = "<group>"; };
		4DAB34701C12C90C004EA0A4 /* WMViewController.h */ = {isa = PBXFileReference; fileEncoding = 4; lastKnownFileType = sourcecode.c.h; path = WMViewController.h; sourceTree = "<group>"; };
		4DAB34711C12C90C004EA0A4 /* WMViewController.m */ = {isa = PBXFileReference; fileEncoding = 4; lastKnownFileType = sourcecode.c.objc; path = WMViewController.m; sourceTree = "<group>"; };
		4DAB34801C12CA96004EA0A4 /* CustomPageViewController.h */ = {isa = PBXFileReference; fileEncoding = 4; lastKnownFileType = sourcecode.c.h; path = CustomPageViewController.h; sourceTree = "<group>"; };
		4DAB34811C12CA96004EA0A4 /* CustomPageViewController.m */ = {isa = PBXFileReference; fileEncoding = 4; lastKnownFileType = sourcecode.c.objc; path = CustomPageViewController.m; sourceTree = "<group>"; };
/* End PBXFileReference section */

/* Begin PBXFrameworksBuildPhase section */
		4DAB33F71C12C762004EA0A4 /* Frameworks */ = {
			isa = PBXFrameworksBuildPhase;
			buildActionMask = 2147483647;
			files = (
			);
			runOnlyForDeploymentPostprocessing = 0;
		};
		4DAB34101C12C762004EA0A4 /* Frameworks */ = {
			isa = PBXFrameworksBuildPhase;
			buildActionMask = 2147483647;
			files = (
			);
			runOnlyForDeploymentPostprocessing = 0;
		};
		4DAB341B1C12C762004EA0A4 /* Frameworks */ = {
			isa = PBXFrameworksBuildPhase;
			buildActionMask = 2147483647;
			files = (
			);
			runOnlyForDeploymentPostprocessing = 0;
		};
/* End PBXFrameworksBuildPhase section */

/* Begin PBXGroup section */
		4DAB33F11C12C762004EA0A4 = {
			isa = PBXGroup;
			children = (
				4DAB33FC1C12C762004EA0A4 /* Storyboard */,
				4DAB34161C12C762004EA0A4 /* StoryboardTests */,
				4DAB34211C12C762004EA0A4 /* StoryboardUITests */,
				4DAB33FB1C12C762004EA0A4 /* Products */,
			);
			sourceTree = "<group>";
		};
		4DAB33FB1C12C762004EA0A4 /* Products */ = {
			isa = PBXGroup;
			children = (
				4DAB33FA1C12C762004EA0A4 /* Storyboard.app */,
				4DAB34131C12C762004EA0A4 /* StoryboardTests.xctest */,
				4DAB341E1C12C762004EA0A4 /* StoryboardUITests.xctest */,
			);
			name = Products;
			sourceTree = "<group>";
		};
		4DAB33FC1C12C762004EA0A4 /* Storyboard */ = {
			isa = PBXGroup;
			children = (
				4DAB34301C12C7F8004EA0A4 /* WMPageController */,
				4DAB346B1C12C90C004EA0A4 /* Controller */,
				4DAB34001C12C762004EA0A4 /* AppDelegate.h */,
				4DAB34011C12C762004EA0A4 /* AppDelegate.m */,
				4DAB34801C12CA96004EA0A4 /* CustomPageViewController.h */,
				4DAB34811C12CA96004EA0A4 /* CustomPageViewController.m */,
				4DAB34061C12C762004EA0A4 /* Main.storyboard */,
				4DAB34091C12C762004EA0A4 /* Assets.xcassets */,
				4DAB340B1C12C762004EA0A4 /* LaunchScreen.storyboard */,
				4DAB340E1C12C762004EA0A4 /* Info.plist */,
				4DAB33FD1C12C762004EA0A4 /* Supporting Files */,
			);
			path = Storyboard;
			sourceTree = "<group>";
		};
		4DAB33FD1C12C762004EA0A4 /* Supporting Files */ = {
			isa = PBXGroup;
			children = (
				4DAB33FE1C12C762004EA0A4 /* main.m */,
			);
			name = "Supporting Files";
			sourceTree = "<group>";
		};
		4DAB34161C12C762004EA0A4 /* StoryboardTests */ = {
			isa = PBXGroup;
			children = (
				4DAB34171C12C762004EA0A4 /* StoryboardTests.m */,
				4DAB34191C12C762004EA0A4 /* Info.plist */,
			);
			path = StoryboardTests;
			sourceTree = "<group>";
		};
		4DAB34211C12C762004EA0A4 /* StoryboardUITests */ = {
			isa = PBXGroup;
			children = (
				4DAB34221C12C762004EA0A4 /* StoryboardUITests.m */,
				4DAB34241C12C762004EA0A4 /* Info.plist */,
			);
			path = StoryboardUITests;
			sourceTree = "<group>";
		};
		4DAB34301C12C7F8004EA0A4 /* WMPageController */ = {
			isa = PBXGroup;
			children = (
				32A979991FC6B8BF00C392A0 /* UIViewController+WMPageController.h */,
				32A9799A1FC6B8BF00C392A0 /* UIViewController+WMPageController.m */,
				4DAB34311C12C7F8004EA0A4 /* WMMenuView */,
				4DAB343D1C12C7F8004EA0A4 /* WMPageController.h */,
				4DAB343E1C12C7F8004EA0A4 /* WMPageController.m */,
			);
			name = WMPageController;
			path = ../../../WMPageController;
			sourceTree = "<group>";
		};
		4DAB34311C12C7F8004EA0A4 /* WMMenuView */ = {
			isa = PBXGroup;
			children = (
				4DAB34341C12C7F8004EA0A4 /* WMMenuItem.h */,
				4DAB34351C12C7F8004EA0A4 /* WMMenuItem.m */,
				4DAB34361C12C7F8004EA0A4 /* WMMenuView.h */,
				4DAB34371C12C7F8004EA0A4 /* WMMenuView.m */,
				4DAB34381C12C7F8004EA0A4 /* WMProgressView.h */,
				4DAB34391C12C7F8004EA0A4 /* WMProgressView.m */,
				4DAB343A1C12C7F8004EA0A4 /* WMScrollView.h */,
				4DAB343B1C12C7F8004EA0A4 /* WMScrollView.m */,
			);
			path = WMMenuView;
			sourceTree = "<group>";
		};
		4DAB346B1C12C90C004EA0A4 /* Controller */ = {
			isa = PBXGroup;
			children = (
				4DAB34701C12C90C004EA0A4 /* WMViewController.h */,
				4DAB34711C12C90C004EA0A4 /* WMViewController.m */,
			);
			path = Controller;
			sourceTree = "<group>";
		};
/* End PBXGroup section */

/* Begin PBXNativeTarget section */
		4DAB33F91C12C762004EA0A4 /* Storyboard */ = {
			isa = PBXNativeTarget;
			buildConfigurationList = 4DAB34271C12C762004EA0A4 /* Build configuration list for PBXNativeTarget "Storyboard" */;
			buildPhases = (
				4DAB33F61C12C762004EA0A4 /* Sources */,
				4DAB33F71C12C762004EA0A4 /* Frameworks */,
				4DAB33F81C12C762004EA0A4 /* Resources */,
			);
			buildRules = (
			);
			dependencies = (
			);
			name = Storyboard;
			productName = Storyboard;
			productReference = 4DAB33FA1C12C762004EA0A4 /* Storyboard.app */;
			productType = "com.apple.product-type.application";
		};
		4DAB34121C12C762004EA0A4 /* StoryboardTests */ = {
			isa = PBXNativeTarget;
			buildConfigurationList = 4DAB342A1C12C762004EA0A4 /* Build configuration list for PBXNativeTarget "StoryboardTests" */;
			buildPhases = (
				4DAB340F1C12C762004EA0A4 /* Sources */,
				4DAB34101C12C762004EA0A4 /* Frameworks */,
				4DAB34111C12C762004EA0A4 /* Resources */,
			);
			buildRules = (
			);
			dependencies = (
				4DAB34151C12C762004EA0A4 /* PBXTargetDependency */,
			);
			name = StoryboardTests;
			productName = StoryboardTests;
			productReference = 4DAB34131C12C762004EA0A4 /* StoryboardTests.xctest */;
			productType = "com.apple.product-type.bundle.unit-test";
		};
		4DAB341D1C12C762004EA0A4 /* StoryboardUITests */ = {
			isa = PBXNativeTarget;
			buildConfigurationList = 4DAB342D1C12C762004EA0A4 /* Build configuration list for PBXNativeTarget "StoryboardUITests" */;
			buildPhases = (
				4DAB341A1C12C762004EA0A4 /* Sources */,
				4DAB341B1C12C762004EA0A4 /* Frameworks */,
				4DAB341C1C12C762004EA0A4 /* Resources */,
			);
			buildRules = (
			);
			dependencies = (
				4DAB34201C12C762004EA0A4 /* PBXTargetDependency */,
			);
			name = StoryboardUITests;
			productName = StoryboardUITests;
			productReference = 4DAB341E1C12C762004EA0A4 /* StoryboardUITests.xctest */;
			productType = "com.apple.product-type.bundle.ui-testing";
		};
/* End PBXNativeTarget section */

/* Begin PBXProject section */
		4DAB33F21C12C762004EA0A4 /* Project object */ = {
			isa = PBXProject;
			attributes = {
				LastUpgradeCheck = 0710;
				ORGANIZATIONNAME = "Wecan Studio";
				TargetAttributes = {
					4DAB33F91C12C762004EA0A4 = {
						CreatedOnToolsVersion = 7.1.1;
					};
					4DAB34121C12C762004EA0A4 = {
						CreatedOnToolsVersion = 7.1.1;
						TestTargetID = 4DAB33F91C12C762004EA0A4;
					};
					4DAB341D1C12C762004EA0A4 = {
						CreatedOnToolsVersion = 7.1.1;
						TestTargetID = 4DAB33F91C12C762004EA0A4;
					};
				};
			};
			buildConfigurationList = 4DAB33F51C12C762004EA0A4 /* Build configuration list for PBXProject "Storyboard" */;
			compatibilityVersion = "Xcode 3.2";
			developmentRegion = English;
			hasScannedForEncodings = 0;
			knownRegions = (
				en,
				Base,
			);
			mainGroup = 4DAB33F11C12C762004EA0A4;
			productRefGroup = 4DAB33FB1C12C762004EA0A4 /* Products */;
			projectDirPath = "";
			projectRoot = "";
			targets = (
				4DAB33F91C12C762004EA0A4 /* Storyboard */,
				4DAB34121C12C762004EA0A4 /* StoryboardTests */,
				4DAB341D1C12C762004EA0A4 /* StoryboardUITests */,
			);
		};
/* End PBXProject section */

/* Begin PBXResourcesBuildPhase section */
		4DAB33F81C12C762004EA0A4 /* Resources */ = {
			isa = PBXResourcesBuildPhase;
			buildActionMask = 2147483647;
			files = (
				4DAB340D1C12C762004EA0A4 /* LaunchScreen.storyboard in Resources */,
				4DAB340A1C12C762004EA0A4 /* Assets.xcassets in Resources */,
				4DAB34081C12C762004EA0A4 /* Main.storyboard in Resources */,
			);
			runOnlyForDeploymentPostprocessing = 0;
		};
		4DAB34111C12C762004EA0A4 /* Resources */ = {
			isa = PBXResourcesBuildPhase;
			buildActionMask = 2147483647;
			files = (
			);
			runOnlyForDeploymentPostprocessing = 0;
		};
		4DAB341C1C12C762004EA0A4 /* Resources */ = {
			isa = PBXResourcesBuildPhase;
			buildActionMask = 2147483647;
			files = (
			);
			runOnlyForDeploymentPostprocessing = 0;
		};
/* End PBXResourcesBuildPhase section */

/* Begin PBXSourcesBuildPhase section */
		4DAB33F61C12C762004EA0A4 /* Sources */ = {
			isa = PBXSourcesBuildPhase;
			buildActionMask = 2147483647;
			files = (
				4DAB34441C12C7F8004EA0A4 /* WMPageController.m in Sources */,
				4DAB34411C12C7F8004EA0A4 /* WMMenuView.m in Sources */,
				4DAB34401C12C7F8004EA0A4 /* WMMenuItem.m in Sources */,
				4DAB34021C12C762004EA0A4 /* AppDelegate.m in Sources */,
				4DAB33FF1C12C762004EA0A4 /* main.m in Sources */,
				4DAB34421C12C7F8004EA0A4 /* WMProgressView.m in Sources */,
				4DAB34821C12CA96004EA0A4 /* CustomPageViewController.m in Sources */,
				4DAB34741C12C90C004EA0A4 /* WMViewController.m in Sources */,
				4DAB34431C12C7F8004EA0A4 /* WMScrollView.m in Sources */,
				32A9799B1FC6B8BF00C392A0 /* UIViewController+WMPageController.m in Sources */,
			);
			runOnlyForDeploymentPostprocessing = 0;
		};
		4DAB340F1C12C762004EA0A4 /* Sources */ = {
			isa = PBXSourcesBuildPhase;
			buildActionMask = 2147483647;
			files = (
				4DAB34181C12C762004EA0A4 /* StoryboardTests.m in Sources */,
			);
			runOnlyForDeploymentPostprocessing = 0;
		};
		4DAB341A1C12C762004EA0A4 /* Sources */ = {
			isa = PBXSourcesBuildPhase;
			buildActionMask = 2147483647;
			files = (
				4DAB34231C12C762004EA0A4 /* StoryboardUITests.m in Sources */,
			);
			runOnlyForDeploymentPostprocessing = 0;
		};
/* End PBXSourcesBuildPhase section */

/* Begin PBXTargetDependency section */
		4DAB34151C12C762004EA0A4 /* PBXTargetDependency */ = {
			isa = PBXTargetDependency;
			target = 4DAB33F91C12C762004EA0A4 /* Storyboard */;
			targetProxy = 4DAB34141C12C762004EA0A4 /* PBXContainerItemProxy */;
		};
		4DAB34201C12C762004EA0A4 /* PBXTargetDependency */ = {
			isa = PBXTargetDependency;
			target = 4DAB33F91C12C762004EA0A4 /* Storyboard */;
			targetProxy = 4DAB341F1C12C762004EA0A4 /* PBXContainerItemProxy */;
		};
/* End PBXTargetDependency section */

/* Begin PBXVariantGroup section */
		4DAB34061C12C762004EA0A4 /* Main.storyboard */ = {
			isa = PBXVariantGroup;
			children = (
				4DAB34071C12C762004EA0A4 /* Base */,
			);
			name = Main.storyboard;
			sourceTree = "<group>";
		};
		4DAB340B1C12C762004EA0A4 /* LaunchScreen.storyboard */ = {
			isa = PBXVariantGroup;
			children = (
				4DAB340C1C12C762004EA0A4 /* Base */,
			);
			name = LaunchScreen.storyboard;
			sourceTree = "<group>";
		};
/* End PBXVariantGroup section */

/* Begin XCBuildConfiguration section */
		4DAB34251C12C762004EA0A4 /* Debug */ = {
			isa = XCBuildConfiguration;
			buildSettings = {
				ALWAYS_SEARCH_USER_PATHS = NO;
				CLANG_CXX_LANGUAGE_STANDARD = "gnu++0x";
				CLANG_CXX_LIBRARY = "libc++";
				CLANG_ENABLE_MODULES = YES;
				CLANG_ENABLE_OBJC_ARC = YES;
				CLANG_WARN_BOOL_CONVERSION = YES;
				CLANG_WARN_CONSTANT_CONVERSION = YES;
				CLANG_WARN_DIRECT_OBJC_ISA_USAGE = YES_ERROR;
				CLANG_WARN_EMPTY_BODY = YES;
				CLANG_WARN_ENUM_CONVERSION = YES;
				CLANG_WARN_INT_CONVERSION = YES;
				CLANG_WARN_OBJC_ROOT_CLASS = YES_ERROR;
				CLANG_WARN_UNREACHABLE_CODE = YES;
				CLANG_WARN__DUPLICATE_METHOD_MATCH = YES;
				"CODE_SIGN_IDENTITY[sdk=iphoneos*]" = "iPhone Developer";
				COPY_PHASE_STRIP = NO;
				DEBUG_INFORMATION_FORMAT = dwarf;
				ENABLE_STRICT_OBJC_MSGSEND = YES;
				ENABLE_TESTABILITY = YES;
				GCC_C_LANGUAGE_STANDARD = gnu99;
				GCC_DYNAMIC_NO_PIC = NO;
				GCC_NO_COMMON_BLOCKS = YES;
				GCC_OPTIMIZATION_LEVEL = 0;
				GCC_PREPROCESSOR_DEFINITIONS = (
					"DEBUG=1",
					"$(inherited)",
				);
				GCC_WARN_64_TO_32_BIT_CONVERSION = YES;
				GCC_WARN_ABOUT_RETURN_TYPE = YES_ERROR;
				GCC_WARN_UNDECLARED_SELECTOR = YES;
				GCC_WARN_UNINITIALIZED_AUTOS = YES_AGGRESSIVE;
				GCC_WARN_UNUSED_FUNCTION = YES;
				GCC_WARN_UNUSED_VARIABLE = YES;
				IPHONEOS_DEPLOYMENT_TARGET = 9.1;
				MTL_ENABLE_DEBUG_INFO = YES;
				ONLY_ACTIVE_ARCH = YES;
				SDKROOT = iphoneos;
			};
			name = Debug;
		};
		4DAB34261C12C762004EA0A4 /* Release */ = {
			isa = XCBuildConfiguration;
			buildSettings = {
				ALWAYS_SEARCH_USER_PATHS = NO;
				CLANG_CXX_LANGUAGE_STANDARD = "gnu++0x";
				CLANG_CXX_LIBRARY = "libc++";
				CLANG_ENABLE_MODULES = YES;
				CLANG_ENABLE_OBJC_ARC = YES;
				CLANG_WARN_BOOL_CONVERSION = YES;
				CLANG_WARN_CONSTANT_CONVERSION = YES;
				CLANG_WARN_DIRECT_OBJC_ISA_USAGE = YES_ERROR;
				CLANG_WARN_EMPTY_BODY = YES;
				CLANG_WARN_ENUM_CONVERSION = YES;
				CLANG_WARN_INT_CONVERSION = YES;
				CLANG_WARN_OBJC_ROOT_CLASS = YES_ERROR;
				CLANG_WARN_UNREACHABLE_CODE = YES;
				CLANG_WARN__DUPLICATE_METHOD_MATCH = YES;
				"CODE_SIGN_IDENTITY[sdk=iphoneos*]" = "iPhone Developer";
				COPY_PHASE_STRIP = NO;
				DEBUG_INFORMATION_FORMAT = "dwarf-with-dsym";
				ENABLE_NS_ASSERTIONS = NO;
				ENABLE_STRICT_OBJC_MSGSEND = YES;
				GCC_C_LANGUAGE_STANDARD = gnu99;
				GCC_NO_COMMON_BLOCKS = YES;
				GCC_WARN_64_TO_32_BIT_CONVERSION = YES;
				GCC_WARN_ABOUT_RETURN_TYPE = YES_ERROR;
				GCC_WARN_UNDECLARED_SELECTOR = YES;
				GCC_WARN_UNINITIALIZED_AUTOS = YES_AGGRESSIVE;
				GCC_WARN_UNUSED_FUNCTION = YES;
				GCC_WARN_UNUSED_VARIABLE = YES;
				IPHONEOS_DEPLOYMENT_TARGET = 9.1;
				MTL_ENABLE_DEBUG_INFO = NO;
				SDKROOT = iphoneos;
				VALIDATE_PRODUCT = YES;
			};
			name = Release;
		};
		4DAB34281C12C762004EA0A4 /* Debug */ = {
			isa = XCBuildConfiguration;
			buildSettings = {
				ASSETCATALOG_COMPILER_APPICON_NAME = AppIcon;
				INFOPLIST_FILE = Storyboard/Info.plist;
				LD_RUNPATH_SEARCH_PATHS = "$(inherited) @executable_path/Frameworks";
				PRODUCT_BUNDLE_IDENTIFIER = com.wecan.Storyboard;
				PRODUCT_NAME = "$(TARGET_NAME)";
			};
			name = Debug;
		};
		4DAB34291C12C762004EA0A4 /* Release */ = {
			isa = XCBuildConfiguration;
			buildSettings = {
				ASSETCATALOG_COMPILER_APPICON_NAME = AppIcon;
				INFOPLIST_FILE = Storyboard/Info.plist;
				LD_RUNPATH_SEARCH_PATHS = "$(inherited) @executable_path/Frameworks";
				PRODUCT_BUNDLE_IDENTIFIER = com.wecan.Storyboard;
				PRODUCT_NAME = "$(TARGET_NAME)";
			};
			name = Release;
		};
		4DAB342B1C12C762004EA0A4 /* Debug */ = {
			isa = XCBuildConfiguration;
			buildSettings = {
				BUNDLE_LOADER = "$(TEST_HOST)";
				INFOPLIST_FILE = StoryboardTests/Info.plist;
				LD_RUNPATH_SEARCH_PATHS = "$(inherited) @executable_path/Frameworks @loader_path/Frameworks";
				PRODUCT_BUNDLE_IDENTIFIER = com.wecan.StoryboardTests;
				PRODUCT_NAME = "$(TARGET_NAME)";
				TEST_HOST = "$(BUILT_PRODUCTS_DIR)/Storyboard.app/Storyboard";
			};
			name = Debug;
		};
		4DAB342C1C12C762004EA0A4 /* Release */ = {
			isa = XCBuildConfiguration;
			buildSettings = {
				BUNDLE_LOADER = "$(TEST_HOST)";
				INFOPLIST_FILE = StoryboardTests/Info.plist;
				LD_RUNPATH_SEARCH_PATHS = "$(inherited) @executable_path/Frameworks @loader_path/Frameworks";
				PRODUCT_BUNDLE_IDENTIFIER = com.wecan.StoryboardTests;
				PRODUCT_NAME = "$(TARGET_NAME)";
				TEST_HOST = "$(BUILT_PRODUCTS_DIR)/Storyboard.app/Storyboard";
			};
			name = Release;
		};
		4DAB342E1C12C762004EA0A4 /* Debug */ = {
			isa = XCBuildConfiguration;
			buildSettings = {
				INFOPLIST_FILE = StoryboardUITests/Info.plist;
				LD_RUNPATH_SEARCH_PATHS = "$(inherited) @executable_path/Frameworks @loader_path/Frameworks";
				PRODUCT_BUNDLE_IDENTIFIER = com.wecan.StoryboardUITests;
				PRODUCT_NAME = "$(TARGET_NAME)";
				TEST_TARGET_NAME = Storyboard;
				USES_XCTRUNNER = YES;
			};
			name = Debug;
		};
		4DAB342F1C12C762004EA0A4 /* Release */ = {
			isa = XCBuildConfiguration;
			buildSettings = {
				INFOPLIST_FILE = StoryboardUITests/Info.plist;
				LD_RUNPATH_SEARCH_PATHS = "$(inherited) @executable_path/Frameworks @loader_path/Frameworks";
				PRODUCT_BUNDLE_IDENTIFIER = com.wecan.StoryboardUITests;
				PRODUCT_NAME = "$(TARGET_NAME)";
				TEST_TARGET_NAME = Storyboard;
				USES_XCTRUNNER = YES;
			};
			name = Release;
		};
/* End XCBuildConfiguration section */

/* Begin XCConfigurationList section */
		4DAB33F51C12C762004EA0A4 /* Build configuration list for PBXProject "Storyboard" */ = {
			isa = XCConfigurationList;
			buildConfigurations = (
				4DAB34251C12C762004EA0A4 /* Debug */,
				4DAB34261C12C762004EA0A4 /* Release */,
			);
			defaultConfigurationIsVisible = 0;
			defaultConfigurationName = Release;
		};
		4DAB34271C12C762004EA0A4 /* Build configuration list for PBXNativeTarget "Storyboard" */ = {
			isa = XCConfigurationList;
			buildConfigurations = (
				4DAB34281C12C762004EA0A4 /* Debug */,
				4DAB34291C12C762004EA0A4 /* Release */,
			);
			defaultConfigurationIsVisible = 0;
			defaultConfigurationName = Release;
		};
		4DAB342A1C12C762004EA0A4 /* Build configuration list for PBXNativeTarget "StoryboardTests" */ = {
			isa = XCConfigurationList;
			buildConfigurations = (
				4DAB342B1C12C762004EA0A4 /* Debug */,
				4DAB342C1C12C762004EA0A4 /* Release */,
			);
			defaultConfigurationIsVisible = 0;
			defaultConfigurationName = Release;
		};
		4DAB342D1C12C762004EA0A4 /* Build configuration list for PBXNativeTarget "StoryboardUITests" */ = {
			isa = XCConfigurationList;
			buildConfigurations = (
				4DAB342E1C12C762004EA0A4 /* Debug */,
				4DAB342F1C12C762004EA0A4 /* Release */,
			);
			defaultConfigurationIsVisible = 0;
			defaultConfigurationName = Release;
		};
/* End XCConfigurationList section */
	};
	rootObject = 4DAB33F21C12C762004EA0A4 /* Project object */;
}
