// !$*UTF8*$!
{
	archiveVersion = 1;
	classes = {
	};
	objectVersion = 46;
	objects = {

/* Begin PBXBuildFile section */
		3D15269220E8D9F10045E646 /* WMMagicScrollView.m in Sources */ = {isa = PBXBuildFile; fileRef = 3D15268F20E8D9F10045E646 /* WMMagicScrollView.m */; };
		3D15269320E8D9F10045E646 /* WMStickyPageController.m in Sources */ = {isa = PBXBuildFile; fileRef = 3D15269020E8D9F10045E646 /* WMStickyPageController.m */; };
		43B20EBC856C0297C9DFA68B /* libPods-StickyExampleTests.a in Frameworks */ = {isa = PBXBuildFile; fileRef = F3A68A8B2FFE88774587E0CA /* libPods-StickyExampleTests.a */; };
		86C97BC1582C35E8CFB38E8F /* libPods-StickyExampleUITests.a in Frameworks */ = {isa = PBXBuildFile; fileRef = D957046F554CD211632EC8BE /* libPods-StickyExampleUITests.a */; };
		A9F9E5D26900F56F4DD6276D /* libPods-StickyExample.a in Frameworks */ = {isa = PBXBuildFile; fileRef = F2B2EC023EFB565FABE17D30 /* libPods-StickyExample.a */; };
		F00251291F2358E70045B118 /* main.m in Sources */ = {isa = PBXBuildFile; fileRef = F00251281F2358E70045B118 /* main.m */; };
		F002512C1F2358E70045B118 /* AppDelegate.m in Sources */ = {isa = PBXBuildFile; fileRef = F002512B1F2358E70045B118 /* AppDelegate.m */; };
		F00251341F2358E70045B118 /* Assets.xcassets in Resources */ = {isa = PBXBuildFile; fileRef = F00251331F2358E70045B118 /* Assets.xcassets */; };
		F00251371F2358E70045B118 /* LaunchScreen.storyboard in Resources */ = {isa = PBXBuildFile; fileRef = F00251351F2358E70045B118 /* LaunchScreen.storyboard */; };
		F00251421F2358E70045B118 /* StickyExampleTests.m in Sources */ = {isa = PBXBuildFile; fileRef = F00251411F2358E70045B118 /* StickyExampleTests.m */; };
		F002514D1F2358E70045B118 /* StickyExampleUITests.m in Sources */ = {isa = PBXBuildFile; fileRef = F002514C1F2358E70045B118 /* StickyExampleUITests.m */; };
		F002519C1F235E930045B118 /* WMHomeViewController.m in Sources */ = {isa = PBXBuildFile; fileRef = F00251991F235E930045B118 /* WMHomeViewController.m */; };
		F002519D1F235E930045B118 /* WMTableViewController.m in Sources */ = {isa = PBXBuildFile; fileRef = F002519B1F235E930045B118 /* WMTableViewController.m */; };
		F00251A01F2362EA0045B118 /* WMDetailViewController.m in Sources */ = {isa = PBXBuildFile; fileRef = F002519F1F2362EA0045B118 /* WMDetailViewController.m */; };
/* End PBXBuildFile section */

/* Begin PBXContainerItemProxy section */
		F002513E1F2358E70045B118 /* PBXContainerItemProxy */ = {
			isa = PBXContainerItemProxy;
			containerPortal = F002511C1F2358E70045B118 /* Project object */;
			proxyType = 1;
			remoteGlobalIDString = F00251231F2358E70045B118;
			remoteInfo = StickyExample;
		};
		F00251491F2358E70045B118 /* PBXContainerItemProxy */ = {
			isa = PBXContainerItemProxy;
			containerPortal = F002511C1F2358E70045B118 /* Project object */;
			proxyType = 1;
			remoteGlobalIDString = F00251231F2358E70045B118;
			remoteInfo = StickyExample;
		};
/* End PBXContainerItemProxy section */

/* Begin PBXFileReference section */
		0E00270DE663E8DC2A9CBA86 /* Pods-StickyExampleUITests.release.xcconfig */ = {isa = PBXFileReference; includeInIndex = 1; lastKnownFileType = text.xcconfig; name = "Pods-StickyExampleUITests.release.xcconfig"; path = "Pods/Target Support Files/Pods-StickyExampleUITests/Pods-StickyExampleUITests.release.xcconfig"; sourceTree = "<group>"; };
		2AA9F6E89623C0CEDE8532C1 /* Pods-StickyExampleTests.release.xcconfig */ = {isa = PBXFileReference; includeInIndex = 1; lastKnownFileType = text.xcconfig; name = "Pods-StickyExampleTests.release.xcconfig"; path = "Pods/Target Support Files/Pods-StickyExampleTests/Pods-StickyExampleTests.release.xcconfig"; sourceTree = "<group>"; };
		34AC57DD9EDC00C12494A0E9 /* Pods-StickyExample.release.xcconfig */ = {isa = PBXFileReference; includeInIndex = 1; lastKnownFileType = text.xcconfig; name = "Pods-StickyExample.release.xcconfig"; path = "Pods/Target Support Files/Pods-StickyExample/Pods-StickyExample.release.xcconfig"; sourceTree = "<group>"; };
		3D15268E20E8D9F10045E646 /* WMStickyPageController.h */ = {isa = PBXFileReference; fileEncoding = 4; lastKnownFileType = sourcecode.c.h; path = WMStickyPageController.h; sourceTree = "<group>"; };
		3D15268F20E8D9F10045E646 /* WMMagicScrollView.m */ = {isa = PBXFileReference; fileEncoding = 4; lastKnownFileType = sourcecode.c.objc; path = WMMagicScrollView.m; sourceTree = "<group>"; };
		3D15269020E8D9F10045E646 /* WMStickyPageController.m */ = {isa = PBXFileReference; fileEncoding = 4; lastKnownFileType = sourcecode.c.objc; path = WMStickyPageController.m; sourceTree = "<group>"; };
		3D15269120E8D9F10045E646 /* WMMagicScrollView.h */ = {isa = PBXFileReference; fileEncoding = 4; lastKnownFileType = sourcecode.c.h; path = WMMagicScrollView.h; sourceTree = "<group>"; };
		5AED0D4C624121FE11B88B5C /* Pods-StickyExampleTests.debug.xcconfig */ = {isa = PBXFileReference; includeInIndex = 1; lastKnownFileType = text.xcconfig; name = "Pods-StickyExampleTests.debug.xcconfig"; path = "Pods/Target Support Files/Pods-StickyExampleTests/Pods-StickyExampleTests.debug.xcconfig"; sourceTree = "<group>"; };
		C0246FAD39EBD7B70B357817 /* Pods-StickyExample.debug.xcconfig */ = {isa = PBXFileReference; includeInIndex = 1; lastKnownFileType = text.xcconfig; name = "Pods-StickyExample.debug.xcconfig"; path = "Pods/Target Support Files/Pods-StickyExample/Pods-StickyExample.debug.xcconfig"; sourceTree = "<group>"; };
		D957046F554CD211632EC8BE /* libPods-StickyExampleUITests.a */ = {isa = PBXFileReference; explicitFileType = archive.ar; includeInIndex = 0; path = "libPods-StickyExampleUITests.a"; sourceTree = BUILT_PRODUCTS_DIR; };
		E90E20F27B2CA010F5BD9D76 /* Pods-StickyExampleUITests.debug.xcconfig */ = {isa = PBXFileReference; includeInIndex = 1; lastKnownFileType = text.xcconfig; name = "Pods-StickyExampleUITests.debug.xcconfig"; path = "Pods/Target Support Files/Pods-StickyExampleUITests/Pods-StickyExampleUITests.debug.xcconfig"; sourceTree = "<group>"; };
		F00251241F2358E70045B118 /* StickyExample.app */ = {isa = PBXFileReference; explicitFileType = wrapper.application; includeInIndex = 0; path = StickyExample.app; sourceTree = BUILT_PRODUCTS_DIR; };
		F00251281F2358E70045B118 /* main.m */ = {isa = PBXFileReference; lastKnownFileType = sourcecode.c.objc; path = main.m; sourceTree = "<group>"; };
		F002512A1F2358E70045B118 /* AppDelegate.h */ = {isa = PBXFileReference; lastKnownFileType = sourcecode.c.h; path = AppDelegate.h; sourceTree = "<group>"; };
		F002512B1F2358E70045B118 /* AppDelegate.m */ = {isa = PBXFileReference; lastKnownFileType = sourcecode.c.objc; path = AppDelegate.m; sourceTree = "<group>"; };
		F00251331F2358E70045B118 /* Assets.xcassets */ = {isa = PBXFileReference; lastKnownFileType = folder.assetcatalog; path = Assets.xcassets; sourceTree = "<group>"; };
		F00251361F2358E70045B118 /* Base */ = {isa = PBXFileReference; lastKnownFileType = file.storyboard; name = Base; path = Base.lproj/LaunchScreen.storyboard; sourceTree = "<group>"; };
		F00251381F2358E70045B118 /* Info.plist */ = {isa = PBXFileReference; lastKnownFileType = text.plist.xml; path = Info.plist; sourceTree = "<group>"; };
		F002513D1F2358E70045B118 /* StickyExampleTests.xctest */ = {isa = PBXFileReference; explicitFileType = wrapper.cfbundle; includeInIndex = 0; path = StickyExampleTests.xctest; sourceTree = BUILT_PRODUCTS_DIR; };
		F00251411F2358E70045B118 /* StickyExampleTests.m */ = {isa = PBXFileReference; lastKnownFileType = sourcecode.c.objc; path = StickyExampleTests.m; sourceTree = "<group>"; };
		F00251431F2358E70045B118 /* Info.plist */ = {isa = PBXFileReference; lastKnownFileType = text.plist.xml; path = Info.plist; sourceTree = "<group>"; };
		F00251481F2358E70045B118 /* StickyExampleUITests.xctest */ = {isa = PBXFileReference; explicitFileType = wrapper.cfbundle; includeInIndex = 0; path = StickyExampleUITests.xctest; sourceTree = BUILT_PRODUCTS_DIR; };
		F002514C1F2358E70045B118 /* StickyExampleUITests.m */ = {isa = PBXFileReference; lastKnownFileType = sourcecode.c.objc; path = StickyExampleUITests.m; sourceTree = "<group>"; };
		F002514E1F2358E70045B118 /* Info.plist */ = {isa = PBXFileReference; lastKnownFileType = text.plist.xml; path = Info.plist; sourceTree = "<group>"; };
		F00251981F235E930045B118 /* WMHomeViewController.h */ = {isa = PBXFileReference; fileEncoding = 4; lastKnownFileType = sourcecode.c.h; path = WMHomeViewController.h; sourceTree = "<group>"; };
		F00251991F235E930045B118 /* WMHomeViewController.m */ = {isa = PBXFileReference; fileEncoding = 4; lastKnownFileType = sourcecode.c.objc; path = WMHomeViewController.m; sourceTree = "<group>"; };
		F002519A1F235E930045B118 /* WMTableViewController.h */ = {isa = PBXFileReference; fileEncoding = 4; lastKnownFileType = sourcecode.c.h; path = WMTableViewController.h; sourceTree = "<group>"; };
		F002519B1F235E930045B118 /* WMTableViewController.m */ = {isa = PBXFileReference; fileEncoding = 4; lastKnownFileType = sourcecode.c.objc; path = WMTableViewController.m; sourceTree = "<group>"; };
		F002519E1F2362EA0045B118 /* WMDetailViewController.h */ = {isa = PBXFileReference; fileEncoding = 4; lastKnownFileType = sourcecode.c.h; path = WMDetailViewController.h; sourceTree = "<group>"; };
		F002519F1F2362EA0045B118 /* WMDetailViewController.m */ = {isa = PBXFileReference; fileEncoding = 4; lastKnownFileType = sourcecode.c.objc; path = WMDetailViewController.m; sourceTree = "<group>"; };
		F2B2EC023EFB565FABE17D30 /* libPods-StickyExample.a */ = {isa = PBXFileReference; explicitFileType = archive.ar; includeInIndex = 0; path = "libPods-StickyExample.a"; sourceTree = BUILT_PRODUCTS_DIR; };
		F3A68A8B2FFE88774587E0CA /* libPods-StickyExampleTests.a */ = {isa = PBXFileReference; explicitFileType = archive.ar; includeInIndex = 0; path = "libPods-StickyExampleTests.a"; sourceTree = BUILT_PRODUCTS_DIR; };
/* End PBXFileReference section */

/* Begin PBXFrameworksBuildPhase section */
		18F435BE72BBFC7086EC587F /* Frameworks */ = {
			isa = PBXFrameworksBuildPhase;
			buildActionMask = 2147483647;
			files = (
				A9F9E5D26900F56F4DD6276D /* libPods-StickyExample.a in Frameworks */,
			);
			runOnlyForDeploymentPostprocessing = 0;
		};
		48D0ACC38E44003C5C42AB07 /* Frameworks */ = {
			isa = PBXFrameworksBuildPhase;
			buildActionMask = 2147483647;
			files = (
				86C97BC1582C35E8CFB38E8F /* libPods-StickyExampleUITests.a in Frameworks */,
			);
			runOnlyForDeploymentPostprocessing = 0;
		};
		4A98F8ADC9DE1EC330F99852 /* Frameworks */ = {
			isa = PBXFrameworksBuildPhase;
			buildActionMask = 2147483647;
			files = (
				43B20EBC856C0297C9DFA68B /* libPods-StickyExampleTests.a in Frameworks */,
			);
			runOnlyForDeploymentPostprocessing = 0;
		};
/* End PBXFrameworksBuildPhase section */

/* Begin PBXGroup section */
		3D15268D20E8D9F10045E646 /* WMStickyPageController */ = {
			isa = PBXGroup;
			children = (
				3D15269120E8D9F10045E646 /* WMMagicScrollView.h */,
				3D15268F20E8D9F10045E646 /* WMMagicScrollView.m */,
				3D15268E20E8D9F10045E646 /* WMStickyPageController.h */,
				3D15269020E8D9F10045E646 /* WMStickyPageController.m */,
			);
			path = WMStickyPageController;
			sourceTree = "<group>";
		};
		6EE792294AE3806F3E7BDE89 /* Frameworks */ = {
			isa = PBXGroup;
			children = (
				F2B2EC023EFB565FABE17D30 /* libPods-StickyExample.a */,
				F3A68A8B2FFE88774587E0CA /* libPods-StickyExampleTests.a */,
				D957046F554CD211632EC8BE /* libPods-StickyExampleUITests.a */,
			);
			name = Frameworks;
			sourceTree = "<group>";
		};
		E3F8E5651A2B244A61D63534 /* Pods */ = {
			isa = PBXGroup;
			children = (
				C0246FAD39EBD7B70B357817 /* Pods-StickyExample.debug.xcconfig */,
				34AC57DD9EDC00C12494A0E9 /* Pods-StickyExample.release.xcconfig */,
				5AED0D4C624121FE11B88B5C /* Pods-StickyExampleTests.debug.xcconfig */,
				2AA9F6E89623C0CEDE8532C1 /* Pods-StickyExampleTests.release.xcconfig */,
				E90E20F27B2CA010F5BD9D76 /* Pods-StickyExampleUITests.debug.xcconfig */,
				0E00270DE663E8DC2A9CBA86 /* Pods-StickyExampleUITests.release.xcconfig */,
			);
			name = Pods;
			sourceTree = "<group>";
		};
		F002511B1F2358E70045B118 = {
			isa = PBXGroup;
			children = (
				F00251261F2358E70045B118 /* StickyExample */,
				F00251401F2358E70045B118 /* StickyExampleTests */,
				F002514B1F2358E70045B118 /* StickyExampleUITests */,
				F00251251F2358E70045B118 /* Products */,
				6EE792294AE3806F3E7BDE89 /* Frameworks */,
				E3F8E5651A2B244A61D63534 /* Pods */,
			);
			sourceTree = "<group>";
		};
		F00251251F2358E70045B118 /* Products */ = {
			isa = PBXGroup;
			children = (
				F00251241F2358E70045B118 /* StickyExample.app */,
				F002513D1F2358E70045B118 /* StickyExampleTests.xctest */,
				F00251481F2358E70045B118 /* StickyExampleUITests.xctest */,
			);
			name = Products;
			sourceTree = "<group>";
		};
		F00251261F2358E70045B118 /* StickyExample */ = {
			isa = PBXGroup;
			children = (
				3D15268D20E8D9F10045E646 /* WMStickyPageController */,
				F00251971F235E930045B118 /* Controllers */,
				F002512A1F2358E70045B118 /* AppDelegate.h */,
				F002512B1F2358E70045B118 /* AppDelegate.m */,
				F00251331F2358E70045B118 /* Assets.xcassets */,
				F00251351F2358E70045B118 /* LaunchScreen.storyboard */,
				F00251381F2358E70045B118 /* Info.plist */,
				F00251271F2358E70045B118 /* Supporting Files */,
			);
			path = StickyExample;
			sourceTree = "<group>";
		};
		F00251271F2358E70045B118 /* Supporting Files */ = {
			isa = PBXGroup;
			children = (
				F00251281F2358E70045B118 /* main.m */,
			);
			name = "Supporting Files";
			sourceTree = "<group>";
		};
		F00251401F2358E70045B118 /* StickyExampleTests */ = {
			isa = PBXGroup;
			children = (
				F00251411F2358E70045B118 /* StickyExampleTests.m */,
				F00251431F2358E70045B118 /* Info.plist */,
			);
			path = StickyExampleTests;
			sourceTree = "<group>";
		};
		F002514B1F2358E70045B118 /* StickyExampleUITests */ = {
			isa = PBXGroup;
			children = (
				F002514C1F2358E70045B118 /* StickyExampleUITests.m */,
				F002514E1F2358E70045B118 /* Info.plist */,
			);
			path = StickyExampleUITests;
			sourceTree = "<group>";
		};
		F00251971F235E930045B118 /* Controllers */ = {
			isa = PBXGroup;
			children = (
				F00251981F235E930045B118 /* WMHomeViewController.h */,
				F00251991F235E930045B118 /* WMHomeViewController.m */,
				F002519A1F235E930045B118 /* WMTableViewController.h */,
				F002519B1F235E930045B118 /* WMTableViewController.m */,
				F002519E1F2362EA0045B118 /* WMDetailViewController.h */,
				F002519F1F2362EA0045B118 /* WMDetailViewController.m */,
			);
			path = Controllers;
			sourceTree = "<group>";
		};
/* End PBXGroup section */

/* Begin PBXNativeTarget section */
		F00251231F2358E70045B118 /* StickyExample */ = {
			isa = PBXNativeTarget;
			buildConfigurationList = F00251511F2358E70045B118 /* Build configuration list for PBXNativeTarget "StickyExample" */;
			buildPhases = (
				4144C55BC71E774C5674CB8F /* [CP] Check Pods Manifest.lock */,
				F00251201F2358E70045B118 /* Sources */,
				F00251221F2358E70045B118 /* Resources */,
				18F435BE72BBFC7086EC587F /* Frameworks */,
			);
			buildRules = (
			);
			dependencies = (
			);
			name = StickyExample;
			productName = StickyExample;
			productReference = F00251241F2358E70045B118 /* StickyExample.app */;
			productType = "com.apple.product-type.application";
		};
		F002513C1F2358E70045B118 /* StickyExampleTests */ = {
			isa = PBXNativeTarget;
			buildConfigurationList = F00251541F2358E70045B118 /* Build configuration list for PBXNativeTarget "StickyExampleTests" */;
			buildPhases = (
				375FBF72D682E76B569005A5 /* [CP] Check Pods Manifest.lock */,
				F00251391F2358E70045B118 /* Sources */,
				F002513B1F2358E70045B118 /* Resources */,
				4A98F8ADC9DE1EC330F99852 /* Frameworks */,
			);
			buildRules = (
			);
			dependencies = (
				F002513F1F2358E70045B118 /* PBXTargetDependency */,
			);
			name = StickyExampleTests;
			productName = StickyExampleTests;
			productReference = F002513D1F2358E70045B118 /* StickyExampleTests.xctest */;
			productType = "com.apple.product-type.bundle.unit-test";
		};
		F00251471F2358E70045B118 /* StickyExampleUITests */ = {
			isa = PBXNativeTarget;
			buildConfigurationList = F00251571F2358E70045B118 /* Build configuration list for PBXNativeTarget "StickyExampleUITests" */;
			buildPhases = (
				8CAE9EAFDFEBF461409E0A57 /* [CP] Check Pods Manifest.lock */,
				F00251441F2358E70045B118 /* Sources */,
				F00251461F2358E70045B118 /* Resources */,
				48D0ACC38E44003C5C42AB07 /* Frameworks */,
			);
			buildRules = (
			);
			dependencies = (
				F002514A1F2358E70045B118 /* PBXTargetDependency */,
			);
			name = StickyExampleUITests;
			productName = StickyExampleUITests;
			productReference = F00251481F2358E70045B118 /* StickyExampleUITests.xctest */;
			productType = "com.apple.product-type.bundle.ui-testing";
		};
/* End PBXNativeTarget section */

/* Begin PBXProject section */
		F002511C1F2358E70045B118 /* Project object */ = {
			isa = PBXProject;
			attributes = {
				LastUpgradeCheck = 0940;
				ORGANIZATIONNAME = Tpphha;
				TargetAttributes = {
					F00251231F2358E70045B118 = {
						CreatedOnToolsVersion = 8.3.2;
						DevelopmentTeam = N9D9Y52FAG;
						ProvisioningStyle = Automatic;
					};
					F002513C1F2358E70045B118 = {
						CreatedOnToolsVersion = 8.3.2;
						ProvisioningStyle = Automatic;
						TestTargetID = F00251231F2358E70045B118;
					};
					F00251471F2358E70045B118 = {
						CreatedOnToolsVersion = 8.3.2;
						ProvisioningStyle = Automatic;
						TestTargetID = F00251231F2358E70045B118;
					};
				};
			};
			buildConfigurationList = F002511F1F2358E70045B118 /* Build configuration list for PBXProject "StickyExample" */;
			compatibilityVersion = "Xcode 3.2";
			developmentRegion = English;
			hasScannedForEncodings = 0;
			knownRegions = (
				en,
				Base,
			);
			mainGroup = F002511B1F2358E70045B118;
			productRefGroup = F00251251F2358E70045B118 /* Products */;
			projectDirPath = "";
			projectRoot = "";
			targets = (
				F00251231F2358E70045B118 /* StickyExample */,
				F002513C1F2358E70045B118 /* StickyExampleTests */,
				F00251471F2358E70045B118 /* StickyExampleUITests */,
			);
		};
/* End PBXProject section */

/* Begin PBXResourcesBuildPhase section */
		F00251221F2358E70045B118 /* Resources */ = {
			isa = PBXResourcesBuildPhase;
			buildActionMask = 2147483647;
			files = (
				F00251371F2358E70045B118 /* LaunchScreen.storyboard in Resources */,
				F00251341F2358E70045B118 /* Assets.xcassets in Resources */,
			);
			runOnlyForDeploymentPostprocessing = 0;
		};
		F002513B1F2358E70045B118 /* Resources */ = {
			isa = PBXResourcesBuildPhase;
			buildActionMask = 2147483647;
			files = (
			);
			runOnlyForDeploymentPostprocessing = 0;
		};
		F00251461F2358E70045B118 /* Resources */ = {
			isa = PBXResourcesBuildPhase;
			buildActionMask = 2147483647;
			files = (
			);
			runOnlyForDeploymentPostprocessing = 0;
		};
/* End PBXResourcesBuildPhase section */

/* Begin PBXShellScriptBuildPhase section */
		375FBF72D682E76B569005A5 /* [CP] Check Pods Manifest.lock */ = {
			isa = PBXShellScriptBuildPhase;
			buildActionMask = 2147483647;
			files = (
			);
			inputPaths = (
				"${PODS_PODFILE_DIR_PATH}/Podfile.lock",
				"${PODS_ROOT}/Manifest.lock",
			);
			name = "[CP] Check Pods Manifest.lock";
			outputPaths = (
				"$(DERIVED_FILE_DIR)/Pods-StickyExampleTests-checkManifestLockResult.txt",
			);
			runOnlyForDeploymentPostprocessing = 0;
			shellPath = /bin/sh;
			shellScript = "diff \"${PODS_PODFILE_DIR_PATH}/Podfile.lock\" \"${PODS_ROOT}/Manifest.lock\" > /dev/null\nif [ $? != 0 ] ; then\n    # print error to STDERR\n    echo \"error: The sandbox is not in sync with the Podfile.lock. Run 'pod install' or update your CocoaPods installation.\" >&2\n    exit 1\nfi\n# This output is used by Xcode 'outputs' to avoid re-running this script phase.\necho \"SUCCESS\" > \"${SCRIPT_OUTPUT_FILE_0}\"\n";
			showEnvVarsInLog = 0;
		};
		4144C55BC71E774C5674CB8F /* [CP] Check Pods Manifest.lock */ = {
			isa = PBXShellScriptBuildPhase;
			buildActionMask = 2147483647;
			files = (
			);
			inputPaths = (
				"${PODS_PODFILE_DIR_PATH}/Podfile.lock",
				"${PODS_ROOT}/Manifest.lock",
			);
			name = "[CP] Check Pods Manifest.lock";
			outputPaths = (
				"$(DERIVED_FILE_DIR)/Pods-StickyExample-checkManifestLockResult.txt",
			);
			runOnlyForDeploymentPostprocessing = 0;
			shellPath = /bin/sh;
			shellScript = "diff \"${PODS_PODFILE_DIR_PATH}/Podfile.lock\" \"${PODS_ROOT}/Manifest.lock\" > /dev/null\nif [ $? != 0 ] ; then\n    # print error to STDERR\n    echo \"error: The sandbox is not in sync with the Podfile.lock. Run 'pod install' or update your CocoaPods installation.\" >&2\n    exit 1\nfi\n# This output is used by Xcode 'outputs' to avoid re-running this script phase.\necho \"SUCCESS\" > \"${SCRIPT_OUTPUT_FILE_0}\"\n";
			showEnvVarsInLog = 0;
		};
		8CAE9EAFDFEBF461409E0A57 /* [CP] Check Pods Manifest.lock */ = {
			isa = PBXShellScriptBuildPhase;
			buildActionMask = 2147483647;
			files = (
			);
			inputPaths = (
				"${PODS_PODFILE_DIR_PATH}/Podfile.lock",
				"${PODS_ROOT}/Manifest.lock",
			);
			name = "[CP] Check Pods Manifest.lock";
			outputPaths = (
				"$(DERIVED_FILE_DIR)/Pods-StickyExampleUITests-checkManifestLockResult.txt",
			);
			runOnlyForDeploymentPostprocessing = 0;
			shellPath = /bin/sh;
			shellScript = "diff \"${PODS_PODFILE_DIR_PATH}/Podfile.lock\" \"${PODS_ROOT}/Manifest.lock\" > /dev/null\nif [ $? != 0 ] ; then\n    # print error to STDERR\n    echo \"error: The sandbox is not in sync with the Podfile.lock. Run 'pod install' or update your CocoaPods installation.\" >&2\n    exit 1\nfi\n# This output is used by Xcode 'outputs' to avoid re-running this script phase.\necho \"SUCCESS\" > \"${SCRIPT_OUTPUT_FILE_0}\"\n";
			showEnvVarsInLog = 0;
		};
/* End PBXShellScriptBuildPhase section */

/* Begin PBXSourcesBuildPhase section */
		F00251201F2358E70045B118 /* Sources */ = {
			isa = PBXSourcesBuildPhase;
			buildActionMask = 2147483647;
			files = (
				F00251A01F2362EA0045B118 /* WMDetailViewController.m in Sources */,
				F002519D1F235E930045B118 /* WMTableViewController.m in Sources */,
				F002512C1F2358E70045B118 /* AppDelegate.m in Sources */,
				3D15269220E8D9F10045E646 /* WMMagicScrollView.m in Sources */,
				F002519C1F235E930045B118 /* WMHomeViewController.m in Sources */,
				3D15269320E8D9F10045E646 /* WMStickyPageController.m in Sources */,
				F00251291F2358E70045B118 /* main.m in Sources */,
			);
			runOnlyForDeploymentPostprocessing = 0;
		};
		F00251391F2358E70045B118 /* Sources */ = {
			isa = PBXSourcesBuildPhase;
			buildActionMask = 2147483647;
			files = (
				F00251421F2358E70045B118 /* StickyExampleTests.m in Sources */,
			);
			runOnlyForDeploymentPostprocessing = 0;
		};
		F00251441F2358E70045B118 /* Sources */ = {
			isa = PBXSourcesBuildPhase;
			buildActionMask = 2147483647;
			files = (
				F002514D1F2358E70045B118 /* StickyExampleUITests.m in Sources */,
			);
			runOnlyForDeploymentPostprocessing = 0;
		};
/* End PBXSourcesBuildPhase section */

/* Begin PBXTargetDependency section */
		F002513F1F2358E70045B118 /* PBXTargetDependency */ = {
			isa = PBXTargetDependency;
			target = F00251231F2358E70045B118 /* StickyExample */;
			targetProxy = F002513E1F2358E70045B118 /* PBXContainerItemProxy */;
		};
		F002514A1F2358E70045B118 /* PBXTargetDependency */ = {
			isa = PBXTargetDependency;
			target = F00251231F2358E70045B118 /* StickyExample */;
			targetProxy = F00251491F2358E70045B118 /* PBXContainerItemProxy */;
		};
/* End PBXTargetDependency section */

/* Begin PBXVariantGroup section */
		F00251351F2358E70045B118 /* LaunchScreen.storyboard */ = {
			isa = PBXVariantGroup;
			children = (
				F00251361F2358E70045B118 /* Base */,
			);
			name = LaunchScreen.storyboard;
			sourceTree = "<group>";
		};
/* End PBXVariantGroup section */

/* Begin XCBuildConfiguration section */
		F002514F1F2358E70045B118 /* Debug */ = {
			isa = XCBuildConfiguration;
			buildSettings = {
				ALWAYS_SEARCH_USER_PATHS = NO;
				CLANG_ANALYZER_NONNULL = YES;
				CLANG_ANALYZER_NUMBER_OBJECT_CONVERSION = YES_AGGRESSIVE;
				CLANG_CXX_LANGUAGE_STANDARD = "gnu++0x";
				CLANG_CXX_LIBRARY = "libc++";
				CLANG_ENABLE_MODULES = YES;
				CLANG_ENABLE_OBJC_ARC = YES;
				CLANG_WARN_BLOCK_CAPTURE_AUTORELEASING = YES;
				CLANG_WARN_BOOL_CONVERSION = YES;
				CLANG_WARN_COMMA = YES;
				CLANG_WARN_CONSTANT_CONVERSION = YES;
				CLANG_WARN_DEPRECATED_OBJC_IMPLEMENTATIONS = YES;
				CLANG_WARN_DIRECT_OBJC_ISA_USAGE = YES_ERROR;
				CLANG_WARN_DOCUMENTATION_COMMENTS = YES;
				CLANG_WARN_EMPTY_BODY = YES;
				CLANG_WARN_ENUM_CONVERSION = YES;
				CLANG_WARN_INFINITE_RECURSION = YES;
				CLANG_WARN_INT_CONVERSION = YES;
				CLANG_WARN_NON_LITERAL_NULL_CONVERSION = YES;
				CLANG_WARN_OBJC_IMPLICIT_RETAIN_SELF = YES;
				CLANG_WARN_OBJC_LITERAL_CONVERSION = YES;
				CLANG_WARN_OBJC_ROOT_CLASS = YES_ERROR;
				CLANG_WARN_RANGE_LOOP_ANALYSIS = YES;
				CLANG_WARN_STRICT_PROTOTYPES = YES;
				CLANG_WARN_SUSPICIOUS_MOVE = YES;
				CLANG_WARN_UNREACHABLE_CODE = YES;
				CLANG_WARN__DUPLICATE_METHOD_MATCH = YES;
				"CODE_SIGN_IDENTITY[sdk=iphoneos*]" = "iPhone Developer";
				COPY_PHASE_STRIP = NO;
				DEBUG_INFORMATION_FORMAT = dwarf;
				ENABLE_STRICT_OBJC_MSGSEND = YES;
				ENABLE_TESTABILITY = YES;
				GCC_C_LANGUAGE_STANDARD = gnu99;
				GCC_DYNAMIC_NO_PIC = NO;
				GCC_NO_COMMON_BLOCKS = YES;
				GCC_OPTIMIZATION_LEVEL = 0;
				GCC_PREPROCESSOR_DEFINITIONS = (
					"DEBUG=1",
					"$(inherited)",
				);
				GCC_WARN_64_TO_32_BIT_CONVERSION = YES;
				GCC_WARN_ABOUT_RETURN_TYPE = YES_ERROR;
				GCC_WARN_UNDECLARED_SELECTOR = YES;
				GCC_WARN_UNINITIALIZED_AUTOS = YES_AGGRESSIVE;
				GCC_WARN_UNUSED_FUNCTION = YES;
				GCC_WARN_UNUSED_VARIABLE = YES;
				IPHONEOS_DEPLOYMENT_TARGET = 10.3;
				MTL_ENABLE_DEBUG_INFO = YES;
				ONLY_ACTIVE_ARCH = YES;
				SDKROOT = iphoneos;
				TARGETED_DEVICE_FAMILY = "1,2";
			};
			name = Debug;
		};
		F00251501F2358E70045B118 /* Release */ = {
			isa = XCBuildConfiguration;
			buildSettings = {
				ALWAYS_SEARCH_USER_PATHS = NO;
				CLANG_ANALYZER_NONNULL = YES;
				CLANG_ANALYZER_NUMBER_OBJECT_CONVERSION = YES_AGGRESSIVE;
				CLANG_CXX_LANGUAGE_STANDARD = "gnu++0x";
				CLANG_CXX_LIBRARY = "libc++";
				CLANG_ENABLE_MODULES = YES;
				CLANG_ENABLE_OBJC_ARC = YES;
				CLANG_WARN_BLOCK_CAPTURE_AUTORELEASING = YES;
				CLANG_WARN_BOOL_CONVERSION = YES;
				CLANG_WARN_COMMA = YES;
				CLANG_WARN_CONSTANT_CONVERSION = YES;
				CLANG_WARN_DEPRECATED_OBJC_IMPLEMENTATIONS = YES;
				CLANG_WARN_DIRECT_OBJC_ISA_USAGE = YES_ERROR;
				CLANG_WARN_DOCUMENTATION_COMMENTS = YES;
				CLANG_WARN_EMPTY_BODY = YES;
				CLANG_WARN_ENUM_CONVERSION = YES;
				CLANG_WARN_INFINITE_RECURSION = YES;
				CLANG_WARN_INT_CONVERSION = YES;
				CLANG_WARN_NON_LITERAL_NULL_CONVERSION = YES;
				CLANG_WARN_OBJC_IMPLICIT_RETAIN_SELF = YES;
				CLANG_WARN_OBJC_LITERAL_CONVERSION = YES;
				CLANG_WARN_OBJC_ROOT_CLASS = YES_ERROR;
				CLANG_WARN_RANGE_LOOP_ANALYSIS = YES;
				CLANG_WARN_STRICT_PROTOTYPES = YES;
				CLANG_WARN_SUSPICIOUS_MOVE = YES;
				CLANG_WARN_UNREACHABLE_CODE = YES;
				CLANG_WARN__DUPLICATE_METHOD_MATCH = YES;
				"CODE_SIGN_IDENTITY[sdk=iphoneos*]" = "iPhone Developer";
				COPY_PHASE_STRIP = NO;
				DEBUG_INFORMATION_FORMAT = "dwarf-with-dsym";
				ENABLE_NS_ASSERTIONS = NO;
				ENABLE_STRICT_OBJC_MSGSEND = YES;
				GCC_C_LANGUAGE_STANDARD = gnu99;
				GCC_NO_COMMON_BLOCKS = YES;
				GCC_WARN_64_TO_32_BIT_CONVERSION = YES;
				GCC_WARN_ABOUT_RETURN_TYPE = YES_ERROR;
				GCC_WARN_UNDECLARED_SELECTOR = YES;
				GCC_WARN_UNINITIALIZED_AUTOS = YES_AGGRESSIVE;
				GCC_WARN_UNUSED_FUNCTION = YES;
				GCC_WARN_UNUSED_VARIABLE = YES;
				IPHONEOS_DEPLOYMENT_TARGET = 10.3;
				MTL_ENABLE_DEBUG_INFO = NO;
				SDKROOT = iphoneos;
				TARGETED_DEVICE_FAMILY = "1,2";
				VALIDATE_PRODUCT = YES;
			};
			name = Release;
		};
		F00251521F2358E70045B118 /* Debug */ = {
			isa = XCBuildConfiguration;
			baseConfigurationReference = C0246FAD39EBD7B70B357817 /* Pods-StickyExample.debug.xcconfig */;
			buildSettings = {
				ASSETCATALOG_COMPILER_APPICON_NAME = AppIcon;
				DEVELOPMENT_TEAM = N9D9Y52FAG;
				INFOPLIST_FILE = StickyExample/Info.plist;
				LD_RUNPATH_SEARCH_PATHS = "$(inherited) @executable_path/Frameworks";
				PRODUCT_BUNDLE_IDENTIFIER = com.tpphha.StickyExample;
				PRODUCT_NAME = "$(TARGET_NAME)";
			};
			name = Debug;
		};
		F00251531F2358E70045B118 /* Release */ = {
			isa = XCBuildConfiguration;
			baseConfigurationReference = 34AC57DD9EDC00C12494A0E9 /* Pods-StickyExample.release.xcconfig */;
			buildSettings = {
				ASSETCATALOG_COMPILER_APPICON_NAME = AppIcon;
				DEVELOPMENT_TEAM = N9D9Y52FAG;
				INFOPLIST_FILE = StickyExample/Info.plist;
				LD_RUNPATH_SEARCH_PATHS = "$(inherited) @executable_path/Frameworks";
				PRODUCT_BUNDLE_IDENTIFIER = com.tpphha.StickyExample;
				PRODUCT_NAME = "$(TARGET_NAME)";
			};
			name = Release;
		};
		F00251551F2358E70045B118 /* Debug */ = {
			isa = XCBuildConfiguration;
			baseConfigurationReference = 5AED0D4C624121FE11B88B5C /* Pods-StickyExampleTests.debug.xcconfig */;
			buildSettings = {
				BUNDLE_LOADER = "$(TEST_HOST)";
				INFOPLIST_FILE = StickyExampleTests/Info.plist;
				LD_RUNPATH_SEARCH_PATHS = "$(inherited) @executable_path/Frameworks @loader_path/Frameworks";
				PRODUCT_BUNDLE_IDENTIFIER = com.tpphha.www.StickyExampleTests;
				PRODUCT_NAME = "$(TARGET_NAME)";
				TEST_HOST = "$(BUILT_PRODUCTS_DIR)/StickyExample.app/StickyExample";
			};
			name = Debug;
		};
		F00251561F2358E70045B118 /* Release */ = {
			isa = XCBuildConfiguration;
			baseConfigurationReference = 2AA9F6E89623C0CEDE8532C1 /* Pods-StickyExampleTests.release.xcconfig */;
			buildSettings = {
				BUNDLE_LOADER = "$(TEST_HOST)";
				INFOPLIST_FILE = StickyExampleTests/Info.plist;
				LD_RUNPATH_SEARCH_PATHS = "$(inherited) @executable_path/Frameworks @loader_path/Frameworks";
				PRODUCT_BUNDLE_IDENTIFIER = com.tpphha.www.StickyExampleTests;
				PRODUCT_NAME = "$(TARGET_NAME)";
				TEST_HOST = "$(BUILT_PRODUCTS_DIR)/StickyExample.app/StickyExample";
			};
			name = Release;
		};
		F00251581F2358E70045B118 /* Debug */ = {
			isa = XCBuildConfiguration;
			baseConfigurationReference = E90E20F27B2CA010F5BD9D76 /* Pods-StickyExampleUITests.debug.xcconfig */;
			buildSettings = {
				INFOPLIST_FILE = StickyExampleUITests/Info.plist;
				LD_RUNPATH_SEARCH_PATHS = "$(inherited) @executable_path/Frameworks @loader_path/Frameworks";
				PRODUCT_BUNDLE_IDENTIFIER = com.tpphha.www.StickyExampleUITests;
				PRODUCT_NAME = "$(TARGET_NAME)";
				TEST_TARGET_NAME = StickyExample;
			};
			name = Debug;
		};
		F00251591F2358E70045B118 /* Release */ = {
			isa = XCBuildConfiguration;
			baseConfigurationReference = 0E00270DE663E8DC2A9CBA86 /* Pods-StickyExampleUITests.release.xcconfig */;
			buildSettings = {
				INFOPLIST_FILE = StickyExampleUITests/Info.plist;
				LD_RUNPATH_SEARCH_PATHS = "$(inherited) @executable_path/Frameworks @loader_path/Frameworks";
				PRODUCT_BUNDLE_IDENTIFIER = com.tpphha.www.StickyExampleUITests;
				PRODUCT_NAME = "$(TARGET_NAME)";
				TEST_TARGET_NAME = StickyExample;
			};
			name = Release;
		};
/* End XCBuildConfiguration section */

/* Begin XCConfigurationList section */
		F002511F1F2358E70045B118 /* Build configuration list for PBXProject "StickyExample" */ = {
			isa = XCConfigurationList;
			buildConfigurations = (
				F002514F1F2358E70045B118 /* Debug */,
				F00251501F2358E70045B118 /* Release */,
			);
			defaultConfigurationIsVisible = 0;
			defaultConfigurationName = Release;
		};
		F00251511F2358E70045B118 /* Build configuration list for PBXNativeTarget "StickyExample" */ = {
			isa = XCConfigurationList;
			buildConfigurations = (
				F00251521F2358E70045B118 /* Debug */,
				F00251531F2358E70045B118 /* Release */,
			);
			defaultConfigurationIsVisible = 0;
			defaultConfigurationName = Release;
		};
		F00251541F2358E70045B118 /* Build configuration list for PBXNativeTarget "StickyExampleTests" */ = {
			isa = XCConfigurationList;
			buildConfigurations = (
				F00251551F2358E70045B118 /* Debug */,
				F00251561F2358E70045B118 /* Release */,
			);
			defaultConfigurationIsVisible = 0;
			defaultConfigurationName = Release;
		};
		F00251571F2358E70045B118 /* Build configuration list for PBXNativeTarget "StickyExampleUITests" */ = {
			isa = XCConfigurationList;
			buildConfigurations = (
				F00251581F2358E70045B118 /* Debug */,
				F00251591F2358E70045B118 /* Release */,
			);
			defaultConfigurationIsVisible = 0;
			defaultConfigurationName = Release;
		};
/* End XCConfigurationList section */
	};
	rootObject = F002511C1F2358E70045B118 /* Project object */;
}
